// !$*UTF8*$!
{
	archiveVersion = 1;
	classes = {
	};
	objectVersion = 55;
	objects = {

/* Begin PBXBuildFile section */
		EB529D012897B0A9004CB8E9 /* SignUpViewController.storyboard in Resources */ = {isa = PBXBuildFile; fileRef = EB529D002897B0A9004CB8E9 /* SignUpViewController.storyboard */; };
		EB7683182898D70E0083B2E9 /* FormSubmitButton.swift in Sources */ = {isa = PBXBuildFile; fileRef = EB7683172898D70E0083B2E9 /* FormSubmitButton.swift */; };
		EB76831B2898EC7D0083B2E9 /* SignUpPresenter.swift in Sources */ = {isa = PBXBuildFile; fileRef = EB76831A2898EC7D0083B2E9 /* SignUpPresenter.swift */; };
		EB76831E2899032A0083B2E9 /* String+.swift in Sources */ = {isa = PBXBuildFile; fileRef = EB76831D2899032A0083B2E9 /* String+.swift */; };
		EB768320289912740083B2E9 /* ViewController+.swift in Sources */ = {isa = PBXBuildFile; fileRef = EB76831F289912740083B2E9 /* ViewController+.swift */; };
		EB768324289919C40083B2E9 /* MainTabViewController.storyboard in Resources */ = {isa = PBXBuildFile; fileRef = EB768323289919C40083B2E9 /* MainTabViewController.storyboard */; };
		EB768326289919E00083B2E9 /* MainTabViewController.swift in Sources */ = {isa = PBXBuildFile; fileRef = EB768325289919E00083B2E9 /* MainTabViewController.swift */; };
		EB76832A289929E20083B2E9 /* KeychainHelper.swift in Sources */ = {isa = PBXBuildFile; fileRef = EB768329289929E20083B2E9 /* KeychainHelper.swift */; };
		EB76832D2899405B0083B2E9 /* APIClient.swift in Sources */ = {isa = PBXBuildFile; fileRef = EB76832C2899405B0083B2E9 /* APIClient.swift */; };
		EB76832F289962F90083B2E9 /* RegistryRequest.swift in Sources */ = {isa = PBXBuildFile; fileRef = EB76832E289962F90083B2E9 /* RegistryRequest.swift */; };
		EB768332289971C30083B2E9 /* RegistryResponse.swift in Sources */ = {isa = PBXBuildFile; fileRef = EB768331289971C30083B2E9 /* RegistryResponse.swift */; };
		EB768334289972890083B2E9 /* ErrorResponse.swift in Sources */ = {isa = PBXBuildFile; fileRef = EB768333289972890083B2E9 /* ErrorResponse.swift */; };
		EBA1E707289A3D6F0077DFA9 /* Symbols.swift in Sources */ = {isa = PBXBuildFile; fileRef = EBA1E706289A3D6F0077DFA9 /* Symbols.swift */; };
		EBA1E70C289A3F210077DFA9 /* ProfileFeedViewController.storyboard in Resources */ = {isa = PBXBuildFile; fileRef = EBA1E70B289A3F210077DFA9 /* ProfileFeedViewController.storyboard */; };
		EBA1E70E289A3F320077DFA9 /* ProfileFeedViewController.swift in Sources */ = {isa = PBXBuildFile; fileRef = EBA1E70D289A3F320077DFA9 /* ProfileFeedViewController.swift */; };
		EBA1E710289A3F4B0077DFA9 /* TalkListViewController.swift in Sources */ = {isa = PBXBuildFile; fileRef = EBA1E70F289A3F4B0077DFA9 /* TalkListViewController.swift */; };
		EBA1E712289A3F610077DFA9 /* TalkListViewController.storyboard in Resources */ = {isa = PBXBuildFile; fileRef = EBA1E711289A3F610077DFA9 /* TalkListViewController.storyboard */; };
		EBA1E714289A3F7E0077DFA9 /* MyPageViewController.storyboard in Resources */ = {isa = PBXBuildFile; fileRef = EBA1E713289A3F7E0077DFA9 /* MyPageViewController.storyboard */; };
		EBA1E716289A3F8C0077DFA9 /* MyPageViewController.swift in Sources */ = {isa = PBXBuildFile; fileRef = EBA1E715289A3F8C0077DFA9 /* MyPageViewController.swift */; };
		EBA1E718289A47360077DFA9 /* MyPagePresenter.swift in Sources */ = {isa = PBXBuildFile; fileRef = EBA1E717289A47360077DFA9 /* MyPagePresenter.swift */; };
		EBA1E71F289A568E0077DFA9 /* LoginViewController.storyboard in Resources */ = {isa = PBXBuildFile; fileRef = EBA1E71E289A568E0077DFA9 /* LoginViewController.storyboard */; };
		EBA1E721289A5AFC0077DFA9 /* LoginPresenter.swift in Sources */ = {isa = PBXBuildFile; fileRef = EBA1E720289A5AFC0077DFA9 /* LoginPresenter.swift */; };
		EBA1E723289A71B00077DFA9 /* KeyboardHandler.swift in Sources */ = {isa = PBXBuildFile; fileRef = EBA1E722289A71B00077DFA9 /* KeyboardHandler.swift */; };
		EBA1E725289B59090077DFA9 /* LoginRequest.swift in Sources */ = {isa = PBXBuildFile; fileRef = EBA1E724289B59090077DFA9 /* LoginRequest.swift */; };
		EBA1E728289B5F3C0077DFA9 /* RootViewControllerReplacing.swift in Sources */ = {isa = PBXBuildFile; fileRef = EBA1E727289B5F3C0077DFA9 /* RootViewControllerReplacing.swift */; };
		EBA1E72A289B62340077DFA9 /* APIErrorHandling.swift in Sources */ = {isa = PBXBuildFile; fileRef = EBA1E729289B62340077DFA9 /* APIErrorHandling.swift */; };
		EBC24DE4289BA66100E6C8DF /* InputTextField.swift in Sources */ = {isa = PBXBuildFile; fileRef = EBC24DE3289BA66100E6C8DF /* InputTextField.swift */; };
		EBD7DB15289790890015A1FF /* AppDelegate.swift in Sources */ = {isa = PBXBuildFile; fileRef = EBD7DB14289790890015A1FF /* AppDelegate.swift */; };
		EBD7DB17289790890015A1FF /* SceneDelegate.swift in Sources */ = {isa = PBXBuildFile; fileRef = EBD7DB16289790890015A1FF /* SceneDelegate.swift */; };
		EBD7DB1E2897908F0015A1FF /* Assets.xcassets in Resources */ = {isa = PBXBuildFile; fileRef = EBD7DB1D2897908F0015A1FF /* Assets.xcassets */; };
		EBD7DB212897908F0015A1FF /* LaunchScreen.storyboard in Resources */ = {isa = PBXBuildFile; fileRef = EBD7DB1F2897908F0015A1FF /* LaunchScreen.storyboard */; };
		EBD7DB2A289791090015A1FF /* TopViewController.storyboard in Resources */ = {isa = PBXBuildFile; fileRef = EBD7DB29289791090015A1FF /* TopViewController.storyboard */; };
		EBD7DB2C289791290015A1FF /* TopViewController.swift in Sources */ = {isa = PBXBuildFile; fileRef = EBD7DB2B289791290015A1FF /* TopViewController.swift */; };
		EBD7DB32289797380015A1FF /* Colors.swift in Sources */ = {isa = PBXBuildFile; fileRef = EBD7DB31289797380015A1FF /* Colors.swift */; };
		EBD7DB342897980C0015A1FF /* Constants.swift in Sources */ = {isa = PBXBuildFile; fileRef = EBD7DB332897980C0015A1FF /* Constants.swift */; };
		EBD7DB3828979A250015A1FF /* LoginViewController.swift in Sources */ = {isa = PBXBuildFile; fileRef = EBD7DB3728979A250015A1FF /* LoginViewController.swift */; };
		EBD7DB3A28979AF70015A1FF /* SignUpViewController.swift in Sources */ = {isa = PBXBuildFile; fileRef = EBD7DB3928979AF70015A1FF /* SignUpViewController.swift */; };
		EBD7DB3C28979B7E0015A1FF /* TopPresenter.swift in Sources */ = {isa = PBXBuildFile; fileRef = EBD7DB3B28979B7E0015A1FF /* TopPresenter.swift */; };
		F7AD2BB7DD53981485B98562 /* Pods_MessageApp.framework in Frameworks */ = {isa = PBXBuildFile; fileRef = 4F545BF48221F1406A1455B4 /* Pods_MessageApp.framework */; };
/* End PBXBuildFile section */

/* Begin PBXFileReference section */
		234114CAD52F3D96244F6963 /* Pods-MessageApp.debug.xcconfig */ = {isa = PBXFileReference; includeInIndex = 1; lastKnownFileType = text.xcconfig; name = "Pods-MessageApp.debug.xcconfig"; path = "Target Support Files/Pods-MessageApp/Pods-MessageApp.debug.xcconfig"; sourceTree = "<group>"; };
		4F545BF48221F1406A1455B4 /* Pods_MessageApp.framework */ = {isa = PBXFileReference; explicitFileType = wrapper.framework; includeInIndex = 0; path = Pods_MessageApp.framework; sourceTree = BUILT_PRODUCTS_DIR; };
		C70091D20925155E4C3A1EA8 /* Pods-MessageApp.release.xcconfig */ = {isa = PBXFileReference; includeInIndex = 1; lastKnownFileType = text.xcconfig; name = "Pods-MessageApp.release.xcconfig"; path = "Target Support Files/Pods-MessageApp/Pods-MessageApp.release.xcconfig"; sourceTree = "<group>"; };
		EB529D002897B0A9004CB8E9 /* SignUpViewController.storyboard */ = {isa = PBXFileReference; lastKnownFileType = file.storyboard; path = SignUpViewController.storyboard; sourceTree = "<group>"; };
		EB7683172898D70E0083B2E9 /* FormSubmitButton.swift */ = {isa = PBXFileReference; lastKnownFileType = sourcecode.swift; path = FormSubmitButton.swift; sourceTree = "<group>"; };
		EB76831A2898EC7D0083B2E9 /* SignUpPresenter.swift */ = {isa = PBXFileReference; lastKnownFileType = sourcecode.swift; path = SignUpPresenter.swift; sourceTree = "<group>"; };
		EB76831D2899032A0083B2E9 /* String+.swift */ = {isa = PBXFileReference; lastKnownFileType = sourcecode.swift; path = "String+.swift"; sourceTree = "<group>"; };
		EB76831F289912740083B2E9 /* ViewController+.swift */ = {isa = PBXFileReference; lastKnownFileType = sourcecode.swift; path = "ViewController+.swift"; sourceTree = "<group>"; };
		EB768323289919C40083B2E9 /* MainTabViewController.storyboard */ = {isa = PBXFileReference; lastKnownFileType = file.storyboard; path = MainTabViewController.storyboard; sourceTree = "<group>"; };
		EB768325289919E00083B2E9 /* MainTabViewController.swift */ = {isa = PBXFileReference; lastKnownFileType = sourcecode.swift; path = MainTabViewController.swift; sourceTree = "<group>"; };
		EB768329289929E20083B2E9 /* KeychainHelper.swift */ = {isa = PBXFileReference; lastKnownFileType = sourcecode.swift; path = KeychainHelper.swift; sourceTree = "<group>"; };
		EB76832C2899405B0083B2E9 /* APIClient.swift */ = {isa = PBXFileReference; lastKnownFileType = sourcecode.swift; path = APIClient.swift; sourceTree = "<group>"; };
		EB76832E289962F90083B2E9 /* RegistryRequest.swift */ = {isa = PBXFileReference; lastKnownFileType = sourcecode.swift; path = RegistryRequest.swift; sourceTree = "<group>"; };
		EB768331289971C30083B2E9 /* RegistryResponse.swift */ = {isa = PBXFileReference; lastKnownFileType = sourcecode.swift; path = RegistryResponse.swift; sourceTree = "<group>"; };
		EB768333289972890083B2E9 /* ErrorResponse.swift */ = {isa = PBXFileReference; lastKnownFileType = sourcecode.swift; path = ErrorResponse.swift; sourceTree = "<group>"; };
		EBA1E706289A3D6F0077DFA9 /* Symbols.swift */ = {isa = PBXFileReference; lastKnownFileType = sourcecode.swift; path = Symbols.swift; sourceTree = "<group>"; };
		EBA1E70B289A3F210077DFA9 /* ProfileFeedViewController.storyboard */ = {isa = PBXFileReference; lastKnownFileType = file.storyboard; path = ProfileFeedViewController.storyboard; sourceTree = "<group>"; };
		EBA1E70D289A3F320077DFA9 /* ProfileFeedViewController.swift */ = {isa = PBXFileReference; lastKnownFileType = sourcecode.swift; path = ProfileFeedViewController.swift; sourceTree = "<group>"; };
		EBA1E70F289A3F4B0077DFA9 /* TalkListViewController.swift */ = {isa = PBXFileReference; lastKnownFileType = sourcecode.swift; path = TalkListViewController.swift; sourceTree = "<group>"; };
		EBA1E711289A3F610077DFA9 /* TalkListViewController.storyboard */ = {isa = PBXFileReference; lastKnownFileType = file.storyboard; path = TalkListViewController.storyboard; sourceTree = "<group>"; };
		EBA1E713289A3F7E0077DFA9 /* MyPageViewController.storyboard */ = {isa = PBXFileReference; lastKnownFileType = file.storyboard; path = MyPageViewController.storyboard; sourceTree = "<group>"; };
		EBA1E715289A3F8C0077DFA9 /* MyPageViewController.swift */ = {isa = PBXFileReference; lastKnownFileType = sourcecode.swift; path = MyPageViewController.swift; sourceTree = "<group>"; };
		EBA1E717289A47360077DFA9 /* MyPagePresenter.swift */ = {isa = PBXFileReference; lastKnownFileType = sourcecode.swift; path = MyPagePresenter.swift; sourceTree = "<group>"; };
		EBA1E71E289A568E0077DFA9 /* LoginViewController.storyboard */ = {isa = PBXFileReference; lastKnownFileType = file.storyboard; path = LoginViewController.storyboard; sourceTree = "<group>"; };
		EBA1E720289A5AFC0077DFA9 /* LoginPresenter.swift */ = {isa = PBXFileReference; lastKnownFileType = sourcecode.swift; path = LoginPresenter.swift; sourceTree = "<group>"; };
		EBA1E722289A71B00077DFA9 /* KeyboardHandler.swift */ = {isa = PBXFileReference; lastKnownFileType = sourcecode.swift; path = KeyboardHandler.swift; sourceTree = "<group>"; };
		EBA1E724289B59090077DFA9 /* LoginRequest.swift */ = {isa = PBXFileReference; lastKnownFileType = sourcecode.swift; path = LoginRequest.swift; sourceTree = "<group>"; };
		EBA1E727289B5F3C0077DFA9 /* RootViewControllerReplacing.swift */ = {isa = PBXFileReference; lastKnownFileType = sourcecode.swift; path = RootViewControllerReplacing.swift; sourceTree = "<group>"; };
		EBA1E729289B62340077DFA9 /* APIErrorHandling.swift */ = {isa = PBXFileReference; lastKnownFileType = sourcecode.swift; path = APIErrorHandling.swift; sourceTree = "<group>"; };
		EBC24DE3289BA66100E6C8DF /* InputTextField.swift */ = {isa = PBXFileReference; lastKnownFileType = sourcecode.swift; path = InputTextField.swift; sourceTree = "<group>"; };
		EBD7DB11289790890015A1FF /* MessageApp.app */ = {isa = PBXFileReference; explicitFileType = wrapper.application; includeInIndex = 0; path = MessageApp.app; sourceTree = BUILT_PRODUCTS_DIR; };
		EBD7DB14289790890015A1FF /* AppDelegate.swift */ = {isa = PBXFileReference; lastKnownFileType = sourcecode.swift; path = AppDelegate.swift; sourceTree = "<group>"; };
		EBD7DB16289790890015A1FF /* SceneDelegate.swift */ = {isa = PBXFileReference; lastKnownFileType = sourcecode.swift; path = SceneDelegate.swift; sourceTree = "<group>"; };
		EBD7DB1D2897908F0015A1FF /* Assets.xcassets */ = {isa = PBXFileReference; lastKnownFileType = folder.assetcatalog; path = Assets.xcassets; sourceTree = "<group>"; };
		EBD7DB202897908F0015A1FF /* Base */ = {isa = PBXFileReference; lastKnownFileType = file.storyboard; name = Base; path = Base.lproj/LaunchScreen.storyboard; sourceTree = "<group>"; };
		EBD7DB222897908F0015A1FF /* Info.plist */ = {isa = PBXFileReference; lastKnownFileType = text.plist.xml; path = Info.plist; sourceTree = "<group>"; };
		EBD7DB29289791090015A1FF /* TopViewController.storyboard */ = {isa = PBXFileReference; lastKnownFileType = file.storyboard; path = TopViewController.storyboard; sourceTree = "<group>"; };
		EBD7DB2B289791290015A1FF /* TopViewController.swift */ = {isa = PBXFileReference; lastKnownFileType = sourcecode.swift; path = TopViewController.swift; sourceTree = "<group>"; };
		EBD7DB31289797380015A1FF /* Colors.swift */ = {isa = PBXFileReference; lastKnownFileType = sourcecode.swift; path = Colors.swift; sourceTree = "<group>"; };
		EBD7DB332897980C0015A1FF /* Constants.swift */ = {isa = PBXFileReference; lastKnownFileType = sourcecode.swift; path = Constants.swift; sourceTree = "<group>"; };
		EBD7DB3728979A250015A1FF /* LoginViewController.swift */ = {isa = PBXFileReference; lastKnownFileType = sourcecode.swift; path = LoginViewController.swift; sourceTree = "<group>"; };
		EBD7DB3928979AF70015A1FF /* SignUpViewController.swift */ = {isa = PBXFileReference; lastKnownFileType = sourcecode.swift; path = SignUpViewController.swift; sourceTree = "<group>"; };
		EBD7DB3B28979B7E0015A1FF /* TopPresenter.swift */ = {isa = PBXFileReference; lastKnownFileType = sourcecode.swift; path = TopPresenter.swift; sourceTree = "<group>"; };
/* End PBXFileReference section */

/* Begin PBXFrameworksBuildPhase section */
		EBD7DB0E289790890015A1FF /* Frameworks */ = {
			isa = PBXFrameworksBuildPhase;
			buildActionMask = 2147483647;
			files = (
				F7AD2BB7DD53981485B98562 /* Pods_MessageApp.framework in Frameworks */,
			);
			runOnlyForDeploymentPostprocessing = 0;
		};
/* End PBXFrameworksBuildPhase section */

/* Begin PBXGroup section */
		3D91AFF54EE81346D562EF2D /* Frameworks */ = {
			isa = PBXGroup;
			children = (
				4F545BF48221F1406A1455B4 /* Pods_MessageApp.framework */,
			);
			name = Frameworks;
			sourceTree = "<group>";
		};
		3F340D49B12F813EB6EE57D5 /* Pods */ = {
			isa = PBXGroup;
			children = (
				234114CAD52F3D96244F6963 /* Pods-MessageApp.debug.xcconfig */,
				C70091D20925155E4C3A1EA8 /* Pods-MessageApp.release.xcconfig */,
			);
			path = Pods;
			sourceTree = "<group>";
		};
		EB529D022897B0AF004CB8E9 /* Shared */ = {
			isa = PBXGroup;
			children = (
				EBC24DE0289BA5A200E6C8DF /* InputTextField */,
				EB7683192898D7480083B2E9 /* FormSubmitButton */,
			);
			path = Shared;
			sourceTree = "<group>";
		};
		EB7683192898D7480083B2E9 /* FormSubmitButton */ = {
			isa = PBXGroup;
			children = (
				EB7683172898D70E0083B2E9 /* FormSubmitButton.swift */,
			);
			path = FormSubmitButton;
			sourceTree = "<group>";
		};
		EB76831C289903190083B2E9 /* Utils */ = {
			isa = PBXGroup;
			children = (
				EB768328289929CD0083B2E9 /* Extensions */,
				EB768329289929E20083B2E9 /* KeychainHelper.swift */,
				EBA1E722289A71B00077DFA9 /* KeyboardHandler.swift */,
			);
			path = Utils;
			sourceTree = "<group>";
		};
		EB768321289916A30083B2E9 /* Network */ = {
			isa = PBXGroup;
			children = (
				EB76832B28993F9D0083B2E9 /* API */,
				EB76832728991B3D0083B2E9 /* Requests */,
			);
			path = Network;
			sourceTree = "<group>";
		};
		EB768322289918F40083B2E9 /* Main */ = {
			isa = PBXGroup;
			children = (
				EB768323289919C40083B2E9 /* MainTabViewController.storyboard */,
				EB768325289919E00083B2E9 /* MainTabViewController.swift */,
			);
			path = Main;
			sourceTree = "<group>";
		};
		EB76832728991B3D0083B2E9 /* Requests */ = {
			isa = PBXGroup;
			children = (
				EB76832E289962F90083B2E9 /* RegistryRequest.swift */,
				EBA1E724289B59090077DFA9 /* LoginRequest.swift */,
			);
			path = Requests;
			sourceTree = "<group>";
		};
		EB768328289929CD0083B2E9 /* Extensions */ = {
			isa = PBXGroup;
			children = (
				EB76831D2899032A0083B2E9 /* String+.swift */,
				EB76831F289912740083B2E9 /* ViewController+.swift */,
			);
			path = Extensions;
			sourceTree = "<group>";
		};
		EB76832B28993F9D0083B2E9 /* API */ = {
			isa = PBXGroup;
			children = (
				EB76832C2899405B0083B2E9 /* APIClient.swift */,
			);
			path = API;
			sourceTree = "<group>";
		};
		EB7683302899630A0083B2E9 /* DataModel */ = {
			isa = PBXGroup;
			children = (
				EB768331289971C30083B2E9 /* RegistryResponse.swift */,
				EB768333289972890083B2E9 /* ErrorResponse.swift */,
			);
			path = DataModel;
			sourceTree = "<group>";
		};
		EBA1E708289A3EBA0077DFA9 /* ProfileFeed */ = {
			isa = PBXGroup;
			children = (
				EBA1E70B289A3F210077DFA9 /* ProfileFeedViewController.storyboard */,
				EBA1E70D289A3F320077DFA9 /* ProfileFeedViewController.swift */,
			);
			path = ProfileFeed;
			sourceTree = "<group>";
		};
		EBA1E709289A3EC90077DFA9 /* Message */ = {
			isa = PBXGroup;
			children = (
				EBA1E711289A3F610077DFA9 /* TalkListViewController.storyboard */,
				EBA1E70F289A3F4B0077DFA9 /* TalkListViewController.swift */,
			);
			path = Message;
			sourceTree = "<group>";
		};
		EBA1E70A289A3ED90077DFA9 /* MyPage */ = {
			isa = PBXGroup;
			children = (
				EBA1E713289A3F7E0077DFA9 /* MyPageViewController.storyboard */,
				EBA1E715289A3F8C0077DFA9 /* MyPageViewController.swift */,
			);
			path = MyPage;
			sourceTree = "<group>";
		};
		EBA1E726289B5D080077DFA9 /* Protocols */ = {
			isa = PBXGroup;
			children = (
				EBA1E727289B5F3C0077DFA9 /* RootViewControllerReplacing.swift */,
				EBA1E729289B62340077DFA9 /* APIErrorHandling.swift */,
			);
			path = Protocols;
			sourceTree = "<group>";
		};
		EBC24DE0289BA5A200E6C8DF /* InputTextField */ = {
			isa = PBXGroup;
			children = (
				EBC24DE3289BA66100E6C8DF /* InputTextField.swift */,
			);
			path = InputTextField;
			sourceTree = "<group>";
		};
		EBD7DB08289790890015A1FF = {
			isa = PBXGroup;
			children = (
				EBD7DB13289790890015A1FF /* MessageApp */,
				EBD7DB12289790890015A1FF /* Products */,
				3F340D49B12F813EB6EE57D5 /* Pods */,
				3D91AFF54EE81346D562EF2D /* Frameworks */,
			);
			sourceTree = "<group>";
		};
		EBD7DB12289790890015A1FF /* Products */ = {
			isa = PBXGroup;
			children = (
				EBD7DB11289790890015A1FF /* MessageApp.app */,
			);
			name = Products;
			sourceTree = "<group>";
		};
		EBD7DB13289790890015A1FF /* MessageApp */ = {
			isa = PBXGroup;
			children = (
				EBD7DB14289790890015A1FF /* AppDelegate.swift */,
				EBD7DB16289790890015A1FF /* SceneDelegate.swift */,
				EBD7DB2D289791CE0015A1FF /* Model */,
				EBD7DB2E289791D80015A1FF /* View */,
				EBD7DB2F289791E60015A1FF /* Presenter */,
				EBD7DB302897971E0015A1FF /* Resources */,
				EB76831C289903190083B2E9 /* Utils */,
				EBD7DB1D2897908F0015A1FF /* Assets.xcassets */,
				EBD7DB1F2897908F0015A1FF /* LaunchScreen.storyboard */,
				EBD7DB222897908F0015A1FF /* Info.plist */,
			);
			path = MessageApp;
			sourceTree = "<group>";
		};
		EBD7DB28289790E80015A1FF /* Top */ = {
			isa = PBXGroup;
			children = (
				EBD7DB29289791090015A1FF /* TopViewController.storyboard */,
				EBD7DB2B289791290015A1FF /* TopViewController.swift */,
			);
			path = Top;
			sourceTree = "<group>";
		};
		EBD7DB2D289791CE0015A1FF /* Model */ = {
			isa = PBXGroup;
			children = (
				EB7683302899630A0083B2E9 /* DataModel */,
				EB768321289916A30083B2E9 /* Network */,
			);
			path = Model;
			sourceTree = "<group>";
		};
		EBD7DB2E289791D80015A1FF /* View */ = {
			isa = PBXGroup;
			children = (
				EB529D022897B0AF004CB8E9 /* Shared */,
				EBD7DB28289790E80015A1FF /* Top */,
				EBD7DB3628979A080015A1FF /* SignUp */,
				EBD7DB35289799F60015A1FF /* Login */,
				EB768322289918F40083B2E9 /* Main */,
				EBA1E708289A3EBA0077DFA9 /* ProfileFeed */,
				EBA1E709289A3EC90077DFA9 /* Message */,
				EBA1E70A289A3ED90077DFA9 /* MyPage */,
			);
			path = View;
			sourceTree = "<group>";
		};
		EBD7DB2F289791E60015A1FF /* Presenter */ = {
			isa = PBXGroup;
			children = (
				EBA1E726289B5D080077DFA9 /* Protocols */,
				EBD7DB3B28979B7E0015A1FF /* TopPresenter.swift */,
				EB76831A2898EC7D0083B2E9 /* SignUpPresenter.swift */,
				EBA1E720289A5AFC0077DFA9 /* LoginPresenter.swift */,
				EBA1E717289A47360077DFA9 /* MyPagePresenter.swift */,
			);
			path = Presenter;
			sourceTree = "<group>";
		};
		EBD7DB302897971E0015A1FF /* Resources */ = {
			isa = PBXGroup;
			children = (
				EBD7DB31289797380015A1FF /* Colors.swift */,
				EBA1E706289A3D6F0077DFA9 /* Symbols.swift */,
				EBD7DB332897980C0015A1FF /* Constants.swift */,
			);
			path = Resources;
			sourceTree = "<group>";
		};
		EBD7DB35289799F60015A1FF /* Login */ = {
			isa = PBXGroup;
			children = (
				EBD7DB3728979A250015A1FF /* LoginViewController.swift */,
				EBA1E71E289A568E0077DFA9 /* LoginViewController.storyboard */,
			);
			path = Login;
			sourceTree = "<group>";
		};
		EBD7DB3628979A080015A1FF /* SignUp */ = {
			isa = PBXGroup;
			children = (
				EBD7DB3928979AF70015A1FF /* SignUpViewController.swift */,
				EB529D002897B0A9004CB8E9 /* SignUpViewController.storyboard */,
			);
			path = SignUp;
			sourceTree = "<group>";
		};
/* End PBXGroup section */

/* Begin PBXNativeTarget section */
		EBD7DB10289790890015A1FF /* MessageApp */ = {
			isa = PBXNativeTarget;
			buildConfigurationList = EBD7DB252897908F0015A1FF /* Build configuration list for PBXNativeTarget "MessageApp" */;
			buildPhases = (
				E2BB5D204321C3B497C9B2CA /* [CP] Check Pods Manifest.lock */,
				EBD7DB0D289790890015A1FF /* Sources */,
				EBD7DB0E289790890015A1FF /* Frameworks */,
				EBD7DB0F289790890015A1FF /* Resources */,
				70A29AD8F38B9FBF350C102B /* [CP] Embed Pods Frameworks */,
			);
			buildRules = (
			);
			dependencies = (
			);
			name = MessageApp;
			productName = MessageApp;
			productReference = EBD7DB11289790890015A1FF /* MessageApp.app */;
			productType = "com.apple.product-type.application";
		};
/* End PBXNativeTarget section */

/* Begin PBXProject section */
		EBD7DB09289790890015A1FF /* Project object */ = {
			isa = PBXProject;
			attributes = {
				BuildIndependentTargetsInParallel = 1;
				LastSwiftUpdateCheck = 1340;
				LastUpgradeCheck = 1340;
				TargetAttributes = {
					EBD7DB10289790890015A1FF = {
						CreatedOnToolsVersion = 13.4.1;
					};
				};
			};
			buildConfigurationList = EBD7DB0C289790890015A1FF /* Build configuration list for PBXProject "MessageApp" */;
			compatibilityVersion = "Xcode 13.0";
			developmentRegion = en;
			hasScannedForEncodings = 0;
			knownRegions = (
				en,
				Base,
			);
			mainGroup = EBD7DB08289790890015A1FF;
			productRefGroup = EBD7DB12289790890015A1FF /* Products */;
			projectDirPath = "";
			projectRoot = "";
			targets = (
				EBD7DB10289790890015A1FF /* MessageApp */,
			);
		};
/* End PBXProject section */

/* Begin PBXResourcesBuildPhase section */
		EBD7DB0F289790890015A1FF /* Resources */ = {
			isa = PBXResourcesBuildPhase;
			buildActionMask = 2147483647;
			files = (
				EBD7DB2A289791090015A1FF /* TopViewController.storyboard in Resources */,
				EBA1E70C289A3F210077DFA9 /* ProfileFeedViewController.storyboard in Resources */,
				EBA1E714289A3F7E0077DFA9 /* MyPageViewController.storyboard in Resources */,
				EBD7DB212897908F0015A1FF /* LaunchScreen.storyboard in Resources */,
				EBD7DB1E2897908F0015A1FF /* Assets.xcassets in Resources */,
				EB529D012897B0A9004CB8E9 /* SignUpViewController.storyboard in Resources */,
				EBA1E712289A3F610077DFA9 /* TalkListViewController.storyboard in Resources */,
				EBA1E71F289A568E0077DFA9 /* LoginViewController.storyboard in Resources */,
				EB768324289919C40083B2E9 /* MainTabViewController.storyboard in Resources */,
			);
			runOnlyForDeploymentPostprocessing = 0;
		};
/* End PBXResourcesBuildPhase section */

/* Begin PBXShellScriptBuildPhase section */
		70A29AD8F38B9FBF350C102B /* [CP] Embed Pods Frameworks */ = {
			isa = PBXShellScriptBuildPhase;
			buildActionMask = 2147483647;
			files = (
			);
			inputFileListPaths = (
				"${PODS_ROOT}/Target Support Files/Pods-MessageApp/Pods-MessageApp-frameworks-${CONFIGURATION}-input-files.xcfilelist",
			);
			name = "[CP] Embed Pods Frameworks";
			outputFileListPaths = (
				"${PODS_ROOT}/Target Support Files/Pods-MessageApp/Pods-MessageApp-frameworks-${CONFIGURATION}-output-files.xcfilelist",
			);
			runOnlyForDeploymentPostprocessing = 0;
			shellPath = /bin/sh;
			shellScript = "\"${PODS_ROOT}/Target Support Files/Pods-MessageApp/Pods-MessageApp-frameworks.sh\"\n";
			showEnvVarsInLog = 0;
		};
		E2BB5D204321C3B497C9B2CA /* [CP] Check Pods Manifest.lock */ = {
			isa = PBXShellScriptBuildPhase;
			buildActionMask = 2147483647;
			files = (
			);
			inputFileListPaths = (
			);
			inputPaths = (
				"${PODS_PODFILE_DIR_PATH}/Podfile.lock",
				"${PODS_ROOT}/Manifest.lock",
			);
			name = "[CP] Check Pods Manifest.lock";
			outputFileListPaths = (
			);
			outputPaths = (
				"$(DERIVED_FILE_DIR)/Pods-MessageApp-checkManifestLockResult.txt",
			);
			runOnlyForDeploymentPostprocessing = 0;
			shellPath = /bin/sh;
			shellScript = "diff \"${PODS_PODFILE_DIR_PATH}/Podfile.lock\" \"${PODS_ROOT}/Manifest.lock\" > /dev/null\nif [ $? != 0 ] ; then\n    # print error to STDERR\n    echo \"error: The sandbox is not in sync with the Podfile.lock. Run 'pod install' or update your CocoaPods installation.\" >&2\n    exit 1\nfi\n# This output is used by Xcode 'outputs' to avoid re-running this script phase.\necho \"SUCCESS\" > \"${SCRIPT_OUTPUT_FILE_0}\"\n";
			showEnvVarsInLog = 0;
		};
/* End PBXShellScriptBuildPhase section */

/* Begin PBXSourcesBuildPhase section */
		EBD7DB0D289790890015A1FF /* Sources */ = {
			isa = PBXSourcesBuildPhase;
			buildActionMask = 2147483647;
			files = (
				EBA1E725289B59090077DFA9 /* LoginRequest.swift in Sources */,
				EBD7DB3C28979B7E0015A1FF /* TopPresenter.swift in Sources */,
				EBA1E728289B5F3C0077DFA9 /* RootViewControllerReplacing.swift in Sources */,
				EBA1E72A289B62340077DFA9 /* APIErrorHandling.swift in Sources */,
				EBA1E723289A71B00077DFA9 /* KeyboardHandler.swift in Sources */,
				EBD7DB3828979A250015A1FF /* LoginViewController.swift in Sources */,
				EBA1E718289A47360077DFA9 /* MyPagePresenter.swift in Sources */,
				EB76832D2899405B0083B2E9 /* APIClient.swift in Sources */,
				EBD7DB3A28979AF70015A1FF /* SignUpViewController.swift in Sources */,
				EBC24DE4289BA66100E6C8DF /* InputTextField.swift in Sources */,
				EB76832F289962F90083B2E9 /* RegistryRequest.swift in Sources */,
				EB768320289912740083B2E9 /* ViewController+.swift in Sources */,
				EBA1E721289A5AFC0077DFA9 /* LoginPresenter.swift in Sources */,
				EBA1E716289A3F8C0077DFA9 /* MyPageViewController.swift in Sources */,
				EB768326289919E00083B2E9 /* MainTabViewController.swift in Sources */,
				EBD7DB342897980C0015A1FF /* Constants.swift in Sources */,
				EB7683182898D70E0083B2E9 /* FormSubmitButton.swift in Sources */,
				EBD7DB2C289791290015A1FF /* TopViewController.swift in Sources */,
				EBD7DB32289797380015A1FF /* Colors.swift in Sources */,
				EBD7DB15289790890015A1FF /* AppDelegate.swift in Sources */,
				EBA1E710289A3F4B0077DFA9 /* TalkListViewController.swift in Sources */,
				EBA1E707289A3D6F0077DFA9 /* Symbols.swift in Sources */,
				EB76831B2898EC7D0083B2E9 /* SignUpPresenter.swift in Sources */,
				EB76831E2899032A0083B2E9 /* String+.swift in Sources */,
				EB768332289971C30083B2E9 /* RegistryResponse.swift in Sources */,
				EB768334289972890083B2E9 /* ErrorResponse.swift in Sources */,
				EB76832A289929E20083B2E9 /* KeychainHelper.swift in Sources */,
				EBA1E70E289A3F320077DFA9 /* ProfileFeedViewController.swift in Sources */,
				EBD7DB17289790890015A1FF /* SceneDelegate.swift in Sources */,
			);
			runOnlyForDeploymentPostprocessing = 0;
		};
/* End PBXSourcesBuildPhase section */

/* Begin PBXVariantGroup section */
		EBD7DB1F2897908F0015A1FF /* LaunchScreen.storyboard */ = {
			isa = PBXVariantGroup;
			children = (
				EBD7DB202897908F0015A1FF /* Base */,
			);
			name = LaunchScreen.storyboard;
			sourceTree = "<group>";
		};
/* End PBXVariantGroup section */

/* Begin XCBuildConfiguration section */
		EBD7DB232897908F0015A1FF /* Debug */ = {
			isa = XCBuildConfiguration;
			buildSettings = {
				ALWAYS_SEARCH_USER_PATHS = NO;
				CLANG_ANALYZER_NONNULL = YES;
				CLANG_ANALYZER_NUMBER_OBJECT_CONVERSION = YES_AGGRESSIVE;
				CLANG_CXX_LANGUAGE_STANDARD = "gnu++17";
				CLANG_ENABLE_MODULES = YES;
				CLANG_ENABLE_OBJC_ARC = YES;
				CLANG_ENABLE_OBJC_WEAK = YES;
				CLANG_WARN_BLOCK_CAPTURE_AUTORELEASING = YES;
				CLANG_WARN_BOOL_CONVERSION = YES;
				CLANG_WARN_COMMA = YES;
				CLANG_WARN_CONSTANT_CONVERSION = YES;
				CLANG_WARN_DEPRECATED_OBJC_IMPLEMENTATIONS = YES;
				CLANG_WARN_DIRECT_OBJC_ISA_USAGE = YES_ERROR;
				CLANG_WARN_DOCUMENTATION_COMMENTS = YES;
				CLANG_WARN_EMPTY_BODY = YES;
				CLANG_WARN_ENUM_CONVERSION = YES;
				CLANG_WARN_INFINITE_RECURSION = YES;
				CLANG_WARN_INT_CONVERSION = YES;
				CLANG_WARN_NON_LITERAL_NULL_CONVERSION = YES;
				CLANG_WARN_OBJC_IMPLICIT_RETAIN_SELF = YES;
				CLANG_WARN_OBJC_LITERAL_CONVERSION = YES;
				CLANG_WARN_OBJC_ROOT_CLASS = YES_ERROR;
				CLANG_WARN_QUOTED_INCLUDE_IN_FRAMEWORK_HEADER = YES;
				CLANG_WARN_RANGE_LOOP_ANALYSIS = YES;
				CLANG_WARN_STRICT_PROTOTYPES = YES;
				CLANG_WARN_SUSPICIOUS_MOVE = YES;
				CLANG_WARN_UNGUARDED_AVAILABILITY = YES_AGGRESSIVE;
				CLANG_WARN_UNREACHABLE_CODE = YES;
				CLANG_WARN__DUPLICATE_METHOD_MATCH = YES;
				COPY_PHASE_STRIP = NO;
				DEBUG_INFORMATION_FORMAT = dwarf;
				ENABLE_STRICT_OBJC_MSGSEND = YES;
				ENABLE_TESTABILITY = YES;
				GCC_C_LANGUAGE_STANDARD = gnu11;
				GCC_DYNAMIC_NO_PIC = NO;
				GCC_NO_COMMON_BLOCKS = YES;
				GCC_OPTIMIZATION_LEVEL = 0;
				GCC_PREPROCESSOR_DEFINITIONS = (
					"DEBUG=1",
					"$(inherited)",
				);
				GCC_WARN_64_TO_32_BIT_CONVERSION = YES;
				GCC_WARN_ABOUT_RETURN_TYPE = YES_ERROR;
				GCC_WARN_UNDECLARED_SELECTOR = YES;
				GCC_WARN_UNINITIALIZED_AUTOS = YES_AGGRESSIVE;
				GCC_WARN_UNUSED_FUNCTION = YES;
				GCC_WARN_UNUSED_VARIABLE = YES;
				IPHONEOS_DEPLOYMENT_TARGET = 15.5;
				MTL_ENABLE_DEBUG_INFO = INCLUDE_SOURCE;
				MTL_FAST_MATH = YES;
				ONLY_ACTIVE_ARCH = YES;
				SDKROOT = iphoneos;
				SWIFT_ACTIVE_COMPILATION_CONDITIONS = DEBUG;
				SWIFT_OPTIMIZATION_LEVEL = "-Onone";
			};
			name = Debug;
		};
		EBD7DB242897908F0015A1FF /* Release */ = {
			isa = XCBuildConfiguration;
			buildSettings = {
				ALWAYS_SEARCH_USER_PATHS = NO;
				CLANG_ANALYZER_NONNULL = YES;
				CLANG_ANALYZER_NUMBER_OBJECT_CONVERSION = YES_AGGRESSIVE;
				CLANG_CXX_LANGUAGE_STANDARD = "gnu++17";
				CLANG_ENABLE_MODULES = YES;
				CLANG_ENABLE_OBJC_ARC = YES;
				CLANG_ENABLE_OBJC_WEAK = YES;
				CLANG_WARN_BLOCK_CAPTURE_AUTORELEASING = YES;
				CLANG_WARN_BOOL_CONVERSION = YES;
				CLANG_WARN_COMMA = YES;
				CLANG_WARN_CONSTANT_CONVERSION = YES;
				CLANG_WARN_DEPRECATED_OBJC_IMPLEMENTATIONS = YES;
				CLANG_WARN_DIRECT_OBJC_ISA_USAGE = YES_ERROR;
				CLANG_WARN_DOCUMENTATION_COMMENTS = YES;
				CLANG_WARN_EMPTY_BODY = YES;
				CLANG_WARN_ENUM_CONVERSION = YES;
				CLANG_WARN_INFINITE_RECURSION = YES;
				CLANG_WARN_INT_CONVERSION = YES;
				CLANG_WARN_NON_LITERAL_NULL_CONVERSION = YES;
				CLANG_WARN_OBJC_IMPLICIT_RETAIN_SELF = YES;
				CLANG_WARN_OBJC_LITERAL_CONVERSION = YES;
				CLANG_WARN_OBJC_ROOT_CLASS = YES_ERROR;
				CLANG_WARN_QUOTED_INCLUDE_IN_FRAMEWORK_HEADER = YES;
				CLANG_WARN_RANGE_LOOP_ANALYSIS = YES;
				CLANG_WARN_STRICT_PROTOTYPES = YES;
				CLANG_WARN_SUSPICIOUS_MOVE = YES;
				CLANG_WARN_UNGUARDED_AVAILABILITY = YES_AGGRESSIVE;
				CLANG_WARN_UNREACHABLE_CODE = YES;
				CLANG_WARN__DUPLICATE_METHOD_MATCH = YES;
				COPY_PHASE_STRIP = NO;
				DEBUG_INFORMATION_FORMAT = "dwarf-with-dsym";
				ENABLE_NS_ASSERTIONS = NO;
				ENABLE_STRICT_OBJC_MSGSEND = YES;
				GCC_C_LANGUAGE_STANDARD = gnu11;
				GCC_NO_COMMON_BLOCKS = YES;
				GCC_WARN_64_TO_32_BIT_CONVERSION = YES;
				GCC_WARN_ABOUT_RETURN_TYPE = YES_ERROR;
				GCC_WARN_UNDECLARED_SELECTOR = YES;
				GCC_WARN_UNINITIALIZED_AUTOS = YES_AGGRESSIVE;
				GCC_WARN_UNUSED_FUNCTION = YES;
				GCC_WARN_UNUSED_VARIABLE = YES;
				IPHONEOS_DEPLOYMENT_TARGET = 15.5;
				MTL_ENABLE_DEBUG_INFO = NO;
				MTL_FAST_MATH = YES;
				SDKROOT = iphoneos;
				SWIFT_COMPILATION_MODE = wholemodule;
				SWIFT_OPTIMIZATION_LEVEL = "-O";
				VALIDATE_PRODUCT = YES;
			};
			name = Release;
		};
		EBD7DB262897908F0015A1FF /* Debug */ = {
			isa = XCBuildConfiguration;
			baseConfigurationReference = 234114CAD52F3D96244F6963 /* Pods-MessageApp.debug.xcconfig */;
			buildSettings = {
				ASSETCATALOG_COMPILER_APPICON_NAME = AppIcon;
				ASSETCATALOG_COMPILER_GLOBAL_ACCENT_COLOR_NAME = AccentColor;
				CODE_SIGN_STYLE = Automatic;
				CURRENT_PROJECT_VERSION = 1;
				DEVELOPMENT_TEAM = CLHKU9LALJ;
				GENERATE_INFOPLIST_FILE = YES;
				INFOPLIST_FILE = MessageApp/Info.plist;
				INFOPLIST_KEY_UIApplicationSupportsIndirectInputEvents = YES;
				INFOPLIST_KEY_UILaunchStoryboardName = LaunchScreen;
				INFOPLIST_KEY_UISupportedInterfaceOrientations_iPad = "UIInterfaceOrientationPortrait UIInterfaceOrientationPortraitUpsideDown UIInterfaceOrientationLandscapeLeft UIInterfaceOrientationLandscapeRight";
				INFOPLIST_KEY_UISupportedInterfaceOrientations_iPhone = "UIInterfaceOrientationPortrait UIInterfaceOrientationLandscapeLeft UIInterfaceOrientationLandscapeRight";
				LD_RUNPATH_SEARCH_PATHS = (
					"$(inherited)",
					"@executable_path/Frameworks",
				);
				MARKETING_VERSION = 1.0;
				PRODUCT_BUNDLE_IDENTIFIER = com.abhijanar.MessageApp;
				PRODUCT_NAME = "$(TARGET_NAME)";
				SWIFT_EMIT_LOC_STRINGS = YES;
				SWIFT_VERSION = 5.0;
				TARGETED_DEVICE_FAMILY = "1,2";
			};
			name = Debug;
		};
		EBD7DB272897908F0015A1FF /* Release */ = {
			isa = XCBuildConfiguration;
			baseConfigurationReference = C70091D20925155E4C3A1EA8 /* Pods-MessageApp.release.xcconfig */;
			buildSettings = {
				ASSETCATALOG_COMPILER_APPICON_NAME = AppIcon;
				ASSETCATALOG_COMPILER_GLOBAL_ACCENT_COLOR_NAME = AccentColor;
				CODE_SIGN_STYLE = Automatic;
				CURRENT_PROJECT_VERSION = 1;
				DEVELOPMENT_TEAM = CLHKU9LALJ;
				GENERATE_INFOPLIST_FILE = YES;
				INFOPLIST_FILE = MessageApp/Info.plist;
				INFOPLIST_KEY_UIApplicationSupportsIndirectInputEvents = YES;
				INFOPLIST_KEY_UILaunchStoryboardName = LaunchScreen;
				INFOPLIST_KEY_UISupportedInterfaceOrientations_iPad = "UIInterfaceOrientationPortrait UIInterfaceOrientationPortraitUpsideDown UIInterfaceOrientationLandscapeLeft UIInterfaceOrientationLandscapeRight";
				INFOPLIST_KEY_UISupportedInterfaceOrientations_iPhone = "UIInterfaceOrientationPortrait UIInterfaceOrientationLandscapeLeft UIInterfaceOrientationLandscapeRight";
				LD_RUNPATH_SEARCH_PATHS = (
					"$(inherited)",
					"@executable_path/Frameworks",
				);
				MARKETING_VERSION = 1.0;
				PRODUCT_BUNDLE_IDENTIFIER = com.abhijanar.MessageApp;
				PRODUCT_NAME = "$(TARGET_NAME)";
				SWIFT_EMIT_LOC_STRINGS = YES;
				SWIFT_VERSION = 5.0;
				TARGETED_DEVICE_FAMILY = "1,2";
			};
			name = Release;
		};
/* End XCBuildConfiguration section */

/* Begin XCConfigurationList section */
		EBD7DB0C289790890015A1FF /* Build configuration list for PBXProject "MessageApp" */ = {
			isa = XCConfigurationList;
			buildConfigurations = (
				EBD7DB232897908F0015A1FF /* Debug */,
				EBD7DB242897908F0015A1FF /* Release */,
			);
			defaultConfigurationIsVisible = 0;
			defaultConfigurationName = Release;
		};
		EBD7DB252897908F0015A1FF /* Build configuration list for PBXNativeTarget "MessageApp" */ = {
			isa = XCConfigurationList;
			buildConfigurations = (
				EBD7DB262897908F0015A1FF /* Debug */,
				EBD7DB272897908F0015A1FF /* Release */,
			);
			defaultConfigurationIsVisible = 0;
			defaultConfigurationName = Release;
		};
/* End XCConfigurationList section */
	};
	rootObject = EBD7DB09289790890015A1FF /* Project object */;
}
