// !$*UTF8*$!
{
	archiveVersion = 1;
	classes = {
	};
	objectVersion = 55;
	objects = {

/* Begin PBXBuildFile section */
		EB0B26C328AA28CB00B84A3C /* ProfileList.plist in Resources */ = {isa = PBXBuildFile; fileRef = EB0B26C228AA28CB00B84A3C /* ProfileList.plist */; };
		EB0B26C628AA3AFA00B84A3C /* SelectionViewController.storyboard in Resources */ = {isa = PBXBuildFile; fileRef = EB0B26C528AA3AFA00B84A3C /* SelectionViewController.storyboard */; };
		EB11DCB728AE13B5001858F1 /* EditProfileRequest.swift in Sources */ = {isa = PBXBuildFile; fileRef = EB11DCB628AE13B5001858F1 /* EditProfileRequest.swift */; };
		EB28936828A22071000C38D1 /* WebViewController.swift in Sources */ = {isa = PBXBuildFile; fileRef = EB28936728A22071000C38D1 /* WebViewController.swift */; };
		EB28936E28A22CDB000C38D1 /* MyPageDataSource.swift in Sources */ = {isa = PBXBuildFile; fileRef = EB28936D28A22CDB000C38D1 /* MyPageDataSource.swift */; };
		EB28937028A22D2D000C38D1 /* ProfileDisplayRequest.swift in Sources */ = {isa = PBXBuildFile; fileRef = EB28936F28A22D2D000C38D1 /* ProfileDisplayRequest.swift */; };
		EB28937228A22D72000C38D1 /* ProfileResponse.swift in Sources */ = {isa = PBXBuildFile; fileRef = EB28937128A22D72000C38D1 /* ProfileResponse.swift */; };
		EB28937428A23321000C38D1 /* LoggedInAuth.swift in Sources */ = {isa = PBXBuildFile; fileRef = EB28937328A23321000C38D1 /* LoggedInAuth.swift */; };
		EB291BBF28A10455009A0F90 /* ReplaceDeleteProfileImageViewController.swift in Sources */ = {isa = PBXBuildFile; fileRef = EB291BBE28A10455009A0F90 /* ReplaceDeleteProfileImageViewController.swift */; };
		EB291BC228A104A3009A0F90 /* ReplaceDeleteProfileImageViewController.storyboard in Resources */ = {isa = PBXBuildFile; fileRef = EB291BC128A104A3009A0F90 /* ReplaceDeleteProfileImageViewController.storyboard */; };
		EB3628D328C05B5E00A51D47 /* TalkListCell.swift in Sources */ = {isa = PBXBuildFile; fileRef = EB3628D128C05B5E00A51D47 /* TalkListCell.swift */; };
		EB3628D428C05B5E00A51D47 /* TalkListCell.xib in Resources */ = {isa = PBXBuildFile; fileRef = EB3628D228C05B5E00A51D47 /* TalkListCell.xib */; };
		EB3628D628C0654D00A51D47 /* TalkListPresenter.swift in Sources */ = {isa = PBXBuildFile; fileRef = EB3628D528C0654D00A51D47 /* TalkListPresenter.swift */; };
		EB3628D828C0830000A51D47 /* TalkListRequest.swift in Sources */ = {isa = PBXBuildFile; fileRef = EB3628D728C0830000A51D47 /* TalkListRequest.swift */; };
		EB3628DA28C0833B00A51D47 /* DeleteTalkListRequest.swift in Sources */ = {isa = PBXBuildFile; fileRef = EB3628D928C0833B00A51D47 /* DeleteTalkListRequest.swift */; };
		EB3628DC28C083A400A51D47 /* TalkListResponse.swift in Sources */ = {isa = PBXBuildFile; fileRef = EB3628DB28C083A400A51D47 /* TalkListResponse.swift */; };
		EB3628DE28C089EB00A51D47 /* TalkListDataSource.swift in Sources */ = {isa = PBXBuildFile; fileRef = EB3628DD28C089EB00A51D47 /* TalkListDataSource.swift */; };
		EB3628E028C08EF100A51D47 /* TalkListEntity.swift in Sources */ = {isa = PBXBuildFile; fileRef = EB3628DF28C08EF100A51D47 /* TalkListEntity.swift */; };
		EB3628E228C0BB0F00A51D47 /* SendMessageRequest.swift in Sources */ = {isa = PBXBuildFile; fileRef = EB3628E128C0BB0E00A51D47 /* SendMessageRequest.swift */; };
		EB3628E428C0D46C00A51D47 /* SendMessageResponse.swift in Sources */ = {isa = PBXBuildFile; fileRef = EB3628E328C0D46B00A51D47 /* SendMessageResponse.swift */; };
		EB529D012897B0A9004CB8E9 /* SignUpViewController.storyboard in Resources */ = {isa = PBXBuildFile; fileRef = EB529D002897B0A9004CB8E9 /* SignUpViewController.storyboard */; };
		EB7683182898D70E0083B2E9 /* FormSubmitButton.swift in Sources */ = {isa = PBXBuildFile; fileRef = EB7683172898D70E0083B2E9 /* FormSubmitButton.swift */; };
		EB76831B2898EC7D0083B2E9 /* SignUpPresenter.swift in Sources */ = {isa = PBXBuildFile; fileRef = EB76831A2898EC7D0083B2E9 /* SignUpPresenter.swift */; };
		EB76831E2899032A0083B2E9 /* String+.swift in Sources */ = {isa = PBXBuildFile; fileRef = EB76831D2899032A0083B2E9 /* String+.swift */; };
		EB768320289912740083B2E9 /* ViewController+.swift in Sources */ = {isa = PBXBuildFile; fileRef = EB76831F289912740083B2E9 /* ViewController+.swift */; };
		EB768324289919C40083B2E9 /* MainTabViewController.storyboard in Resources */ = {isa = PBXBuildFile; fileRef = EB768323289919C40083B2E9 /* MainTabViewController.storyboard */; };
		EB768326289919E00083B2E9 /* MainTabViewController.swift in Sources */ = {isa = PBXBuildFile; fileRef = EB768325289919E00083B2E9 /* MainTabViewController.swift */; };
		EB76832A289929E20083B2E9 /* KeychainHelper.swift in Sources */ = {isa = PBXBuildFile; fileRef = EB768329289929E20083B2E9 /* KeychainHelper.swift */; };
		EB76832D2899405B0083B2E9 /* APIClient.swift in Sources */ = {isa = PBXBuildFile; fileRef = EB76832C2899405B0083B2E9 /* APIClient.swift */; };
		EB76832F289962F90083B2E9 /* RegistryRequest.swift in Sources */ = {isa = PBXBuildFile; fileRef = EB76832E289962F90083B2E9 /* RegistryRequest.swift */; };
		EB768332289971C30083B2E9 /* RegistryResponse.swift in Sources */ = {isa = PBXBuildFile; fileRef = EB768331289971C30083B2E9 /* RegistryResponse.swift */; };
		EB768334289972890083B2E9 /* ErrorResponse.swift in Sources */ = {isa = PBXBuildFile; fileRef = EB768333289972890083B2E9 /* ErrorResponse.swift */; };
		EB8431F128BDF5E900DB1693 /* FeedsToDetailTransitionAnimator.swift in Sources */ = {isa = PBXBuildFile; fileRef = EB8431F028BDF5E900DB1693 /* FeedsToDetailTransitionAnimator.swift */; };
		EB9591A428BC948400AE2A81 /* PhotoViewerViewController.storyboard in Resources */ = {isa = PBXBuildFile; fileRef = EB9591A328BC948400AE2A81 /* PhotoViewerViewController.storyboard */; };
		EB9591A628BC949900AE2A81 /* PhotoViewerViewController.swift in Sources */ = {isa = PBXBuildFile; fileRef = EB9591A528BC949900AE2A81 /* PhotoViewerViewController.swift */; };
		EB9591A828BCA7E700AE2A81 /* ProfileDisplayDataSource.swift in Sources */ = {isa = PBXBuildFile; fileRef = EB9591A728BCA7E700AE2A81 /* ProfileDisplayDataSource.swift */; };
		EB9591AA28BCA83B00AE2A81 /* ProfileDisplayPresenter.swift in Sources */ = {isa = PBXBuildFile; fileRef = EB9591A928BCA83B00AE2A81 /* ProfileDisplayPresenter.swift */; };
		EB9591AD28BDBA9900AE2A81 /* PhotoScrollView.swift in Sources */ = {isa = PBXBuildFile; fileRef = EB9591AC28BDBA9800AE2A81 /* PhotoScrollView.swift */; };
		EBA1E707289A3D6F0077DFA9 /* Symbols.swift in Sources */ = {isa = PBXBuildFile; fileRef = EBA1E706289A3D6F0077DFA9 /* Symbols.swift */; };
		EBA1E70C289A3F210077DFA9 /* ProfileFeedViewController.storyboard in Resources */ = {isa = PBXBuildFile; fileRef = EBA1E70B289A3F210077DFA9 /* ProfileFeedViewController.storyboard */; };
		EBA1E70E289A3F320077DFA9 /* ProfileFeedViewController.swift in Sources */ = {isa = PBXBuildFile; fileRef = EBA1E70D289A3F320077DFA9 /* ProfileFeedViewController.swift */; };
		EBA1E710289A3F4B0077DFA9 /* TalkListViewController.swift in Sources */ = {isa = PBXBuildFile; fileRef = EBA1E70F289A3F4B0077DFA9 /* TalkListViewController.swift */; };
		EBA1E712289A3F610077DFA9 /* TalkListViewController.storyboard in Resources */ = {isa = PBXBuildFile; fileRef = EBA1E711289A3F610077DFA9 /* TalkListViewController.storyboard */; };
		EBA1E714289A3F7E0077DFA9 /* MyPageViewController.storyboard in Resources */ = {isa = PBXBuildFile; fileRef = EBA1E713289A3F7E0077DFA9 /* MyPageViewController.storyboard */; };
		EBA1E716289A3F8C0077DFA9 /* MyPageViewController.swift in Sources */ = {isa = PBXBuildFile; fileRef = EBA1E715289A3F8C0077DFA9 /* MyPageViewController.swift */; };
		EBA1E718289A47360077DFA9 /* MyPagePresenter.swift in Sources */ = {isa = PBXBuildFile; fileRef = EBA1E717289A47360077DFA9 /* MyPagePresenter.swift */; };
		EBA1E71F289A568E0077DFA9 /* LoginViewController.storyboard in Resources */ = {isa = PBXBuildFile; fileRef = EBA1E71E289A568E0077DFA9 /* LoginViewController.storyboard */; };
		EBA1E721289A5AFC0077DFA9 /* LoginPresenter.swift in Sources */ = {isa = PBXBuildFile; fileRef = EBA1E720289A5AFC0077DFA9 /* LoginPresenter.swift */; };
		EBA1E723289A71B00077DFA9 /* KeyboardHandler.swift in Sources */ = {isa = PBXBuildFile; fileRef = EBA1E722289A71B00077DFA9 /* KeyboardHandler.swift */; };
		EBA1E725289B59090077DFA9 /* LoginRequest.swift in Sources */ = {isa = PBXBuildFile; fileRef = EBA1E724289B59090077DFA9 /* LoginRequest.swift */; };
		EBA1E728289B5F3C0077DFA9 /* RootViewControllerReplacing.swift in Sources */ = {isa = PBXBuildFile; fileRef = EBA1E727289B5F3C0077DFA9 /* RootViewControllerReplacing.swift */; };
		EBA4DA6728AB620400B53C76 /* EditProfilePresenter.swift in Sources */ = {isa = PBXBuildFile; fileRef = EBA4DA6628AB620400B53C76 /* EditProfilePresenter.swift */; };
		EBA4DA6928AB733B00B53C76 /* EditProfileDataSource.swift in Sources */ = {isa = PBXBuildFile; fileRef = EBA4DA6828AB733B00B53C76 /* EditProfileDataSource.swift */; };
		EBB1A8CC28AB25160092C949 /* ProfileListItem.swift in Sources */ = {isa = PBXBuildFile; fileRef = EBB1A8CB28AB25160092C949 /* ProfileListItem.swift */; };
		EBB1A8CE28AB272E0092C949 /* ProfileList.swift in Sources */ = {isa = PBXBuildFile; fileRef = EBB1A8CD28AB272E0092C949 /* ProfileList.swift */; };
		EBB1A8D028AB2BD10092C949 /* SelectionViewController.swift in Sources */ = {isa = PBXBuildFile; fileRef = EBB1A8CF28AB2BD10092C949 /* SelectionViewController.swift */; };
		EBB1A8D228AB30820092C949 /* SelectionCell.swift in Sources */ = {isa = PBXBuildFile; fileRef = EBB1A8D128AB30820092C949 /* SelectionCell.swift */; };
		EBB1A8D428AB32B40092C949 /* SelectionDataSource.swift in Sources */ = {isa = PBXBuildFile; fileRef = EBB1A8D328AB32B40092C949 /* SelectionDataSource.swift */; };
		EBBC76F728B7626200EDF820 /* LoadingCollectionReusableView.swift in Sources */ = {isa = PBXBuildFile; fileRef = EBBC76F528B7626200EDF820 /* LoadingCollectionReusableView.swift */; };
		EBBC76F828B7626200EDF820 /* LoadingCollectionReusableView.xib in Resources */ = {isa = PBXBuildFile; fileRef = EBBC76F628B7626200EDF820 /* LoadingCollectionReusableView.xib */; };
		EBBF671328A251FD00D7B698 /* StatusResponse.swift in Sources */ = {isa = PBXBuildFile; fileRef = EBBF671228A251FD00D7B698 /* StatusResponse.swift */; };
		EBBF671528A2523000D7B698 /* DeleteAccountRequest.swift in Sources */ = {isa = PBXBuildFile; fileRef = EBBF671428A2523000D7B698 /* DeleteAccountRequest.swift */; };
		EBBF671828A258EB00D7B698 /* EditProfileViewController.storyboard in Resources */ = {isa = PBXBuildFile; fileRef = EBBF671728A258EB00D7B698 /* EditProfileViewController.storyboard */; };
		EBBF671A28A2590200D7B698 /* EditProfileViewController.swift in Sources */ = {isa = PBXBuildFile; fileRef = EBBF671928A2590200D7B698 /* EditProfileViewController.swift */; };
		EBBF671D28A266E800D7B698 /* MediaManageViewController.storyboard in Resources */ = {isa = PBXBuildFile; fileRef = EBBF671C28A266E800D7B698 /* MediaManageViewController.storyboard */; };
		EBBF671F28A2672100D7B698 /* MediaManageViewController.swift in Sources */ = {isa = PBXBuildFile; fileRef = EBBF671E28A2672100D7B698 /* MediaManageViewController.swift */; };
		EBBF672528A267C100D7B698 /* PhotoCell.swift in Sources */ = {isa = PBXBuildFile; fileRef = EBBF672328A267C100D7B698 /* PhotoCell.swift */; };
		EBBF672628A267C100D7B698 /* PhotoCell.xib in Resources */ = {isa = PBXBuildFile; fileRef = EBBF672428A267C100D7B698 /* PhotoCell.xib */; };
		EBBF672928A2680500D7B698 /* CameraCell.swift in Sources */ = {isa = PBXBuildFile; fileRef = EBBF672728A2680500D7B698 /* CameraCell.swift */; };
		EBBF672A28A2680500D7B698 /* CameraCell.xib in Resources */ = {isa = PBXBuildFile; fileRef = EBBF672828A2680500D7B698 /* CameraCell.xib */; };
		EBBF672C28A3809D00D7B698 /* MediaManagePresenter.swift in Sources */ = {isa = PBXBuildFile; fileRef = EBBF672B28A3809D00D7B698 /* MediaManagePresenter.swift */; };
		EBC24DE4289BA66100E6C8DF /* InputTextField.swift in Sources */ = {isa = PBXBuildFile; fileRef = EBC24DE3289BA66100E6C8DF /* InputTextField.swift */; };
		EBD7DB15289790890015A1FF /* AppDelegate.swift in Sources */ = {isa = PBXBuildFile; fileRef = EBD7DB14289790890015A1FF /* AppDelegate.swift */; };
		EBD7DB17289790890015A1FF /* SceneDelegate.swift in Sources */ = {isa = PBXBuildFile; fileRef = EBD7DB16289790890015A1FF /* SceneDelegate.swift */; };
		EBD7DB1E2897908F0015A1FF /* Assets.xcassets in Resources */ = {isa = PBXBuildFile; fileRef = EBD7DB1D2897908F0015A1FF /* Assets.xcassets */; };
		EBD7DB212897908F0015A1FF /* LaunchScreen.storyboard in Resources */ = {isa = PBXBuildFile; fileRef = EBD7DB1F2897908F0015A1FF /* LaunchScreen.storyboard */; };
		EBD7DB2A289791090015A1FF /* TopViewController.storyboard in Resources */ = {isa = PBXBuildFile; fileRef = EBD7DB29289791090015A1FF /* TopViewController.storyboard */; };
		EBD7DB2C289791290015A1FF /* TopViewController.swift in Sources */ = {isa = PBXBuildFile; fileRef = EBD7DB2B289791290015A1FF /* TopViewController.swift */; };
		EBD7DB32289797380015A1FF /* Colors.swift in Sources */ = {isa = PBXBuildFile; fileRef = EBD7DB31289797380015A1FF /* Colors.swift */; };
		EBD7DB342897980C0015A1FF /* Constants.swift in Sources */ = {isa = PBXBuildFile; fileRef = EBD7DB332897980C0015A1FF /* Constants.swift */; };
		EBD7DB3828979A250015A1FF /* LoginViewController.swift in Sources */ = {isa = PBXBuildFile; fileRef = EBD7DB3728979A250015A1FF /* LoginViewController.swift */; };
		EBD7DB3A28979AF70015A1FF /* SignUpViewController.swift in Sources */ = {isa = PBXBuildFile; fileRef = EBD7DB3928979AF70015A1FF /* SignUpViewController.swift */; };
		EBD7DB3C28979B7E0015A1FF /* TopPresenter.swift in Sources */ = {isa = PBXBuildFile; fileRef = EBD7DB3B28979B7E0015A1FF /* TopPresenter.swift */; };
		EBDED19228B367ED00BB9A5B /* AuthManager.swift in Sources */ = {isa = PBXBuildFile; fileRef = EBDED19128B367ED00BB9A5B /* AuthManager.swift */; };
		EBDED19628B3713700BB9A5B /* CustomError.swift in Sources */ = {isa = PBXBuildFile; fileRef = EBDED19528B3713700BB9A5B /* CustomError.swift */; };
		EBDED19828B3714F00BB9A5B /* APIError.swift in Sources */ = {isa = PBXBuildFile; fileRef = EBDED19728B3714F00BB9A5B /* APIError.swift */; };
		EBDED19A28B3716B00BB9A5B /* AuthError.swift in Sources */ = {isa = PBXBuildFile; fileRef = EBDED19928B3716B00BB9A5B /* AuthError.swift */; };
		EBDED19E28B46A4400BB9A5B /* ProfileFeedCell.swift in Sources */ = {isa = PBXBuildFile; fileRef = EBDED19C28B46A4400BB9A5B /* ProfileFeedCell.swift */; };
		EBDED19F28B46A4400BB9A5B /* ProfileFeedCell.xib in Resources */ = {isa = PBXBuildFile; fileRef = EBDED19D28B46A4400BB9A5B /* ProfileFeedCell.xib */; };
		EBE34E8128A4E21E0037906F /* ImageUploadResponse.swift in Sources */ = {isa = PBXBuildFile; fileRef = EBE34E8028A4E21E0037906F /* ImageUploadResponse.swift */; };
		EBE34E8328A4E22C0037906F /* ImageUploadRequest.swift in Sources */ = {isa = PBXBuildFile; fileRef = EBE34E8228A4E22C0037906F /* ImageUploadRequest.swift */; };
		EBE9F05F28A4F98F0015C2B5 /* Data.swift in Sources */ = {isa = PBXBuildFile; fileRef = EBE9F05E28A4F98F0015C2B5 /* Data.swift */; };
		EBE9F06128A4FA510015C2B5 /* DeleteProfilePictureRequest.swift in Sources */ = {isa = PBXBuildFile; fileRef = EBE9F06028A4FA510015C2B5 /* DeleteProfilePictureRequest.swift */; };
		EBFA7F3F28B4B4F800ACB39E /* ProfileDisplayViewController.storyboard in Resources */ = {isa = PBXBuildFile; fileRef = EBFA7F3E28B4B4F800ACB39E /* ProfileDisplayViewController.storyboard */; };
		EBFA7F4128B4B55500ACB39E /* ProfileDisplayViewController.swift in Sources */ = {isa = PBXBuildFile; fileRef = EBFA7F4028B4B55500ACB39E /* ProfileDisplayViewController.swift */; };
		EBFA7F4328B4B67E00ACB39E /* ProfileFeedPresenter.swift in Sources */ = {isa = PBXBuildFile; fileRef = EBFA7F4228B4B67E00ACB39E /* ProfileFeedPresenter.swift */; };
		EBFA7F4528B4B73200ACB39E /* ProfileFeedDataSource.swift in Sources */ = {isa = PBXBuildFile; fileRef = EBFA7F4428B4B73200ACB39E /* ProfileFeedDataSource.swift */; };
		EBFA7F4728B4BBB600ACB39E /* ProfileFeedRequest.swift in Sources */ = {isa = PBXBuildFile; fileRef = EBFA7F4628B4BBB600ACB39E /* ProfileFeedRequest.swift */; };
		EBFA7F4928B4BC2600ACB39E /* ProfileFeedResponse.swift in Sources */ = {isa = PBXBuildFile; fileRef = EBFA7F4828B4BC2600ACB39E /* ProfileFeedResponse.swift */; };
		EBFA7F4B28B6141B00ACB39E /* StateViews.swift in Sources */ = {isa = PBXBuildFile; fileRef = EBFA7F4A28B6141B00ACB39E /* StateViews.swift */; };
		F7AD2BB7DD53981485B98562 /* Pods_MessageApp.framework in Frameworks */ = {isa = PBXBuildFile; fileRef = 4F545BF48221F1406A1455B4 /* Pods_MessageApp.framework */; };
/* End PBXBuildFile section */

/* Begin PBXFileReference section */
		234114CAD52F3D96244F6963 /* Pods-MessageApp.debug.xcconfig */ = {isa = PBXFileReference; includeInIndex = 1; lastKnownFileType = text.xcconfig; name = "Pods-MessageApp.debug.xcconfig"; path = "Target Support Files/Pods-MessageApp/Pods-MessageApp.debug.xcconfig"; sourceTree = "<group>"; };
		4F545BF48221F1406A1455B4 /* Pods_MessageApp.framework */ = {isa = PBXFileReference; explicitFileType = wrapper.framework; includeInIndex = 0; path = Pods_MessageApp.framework; sourceTree = BUILT_PRODUCTS_DIR; };
		C70091D20925155E4C3A1EA8 /* Pods-MessageApp.release.xcconfig */ = {isa = PBXFileReference; includeInIndex = 1; lastKnownFileType = text.xcconfig; name = "Pods-MessageApp.release.xcconfig"; path = "Target Support Files/Pods-MessageApp/Pods-MessageApp.release.xcconfig"; sourceTree = "<group>"; };
		EB0B26C228AA28CB00B84A3C /* ProfileList.plist */ = {isa = PBXFileReference; lastKnownFileType = text.plist.xml; path = ProfileList.plist; sourceTree = "<group>"; };
		EB0B26C528AA3AFA00B84A3C /* SelectionViewController.storyboard */ = {isa = PBXFileReference; lastKnownFileType = file.storyboard; path = SelectionViewController.storyboard; sourceTree = "<group>"; };
		EB11DCB628AE13B5001858F1 /* EditProfileRequest.swift */ = {isa = PBXFileReference; lastKnownFileType = sourcecode.swift; path = EditProfileRequest.swift; sourceTree = "<group>"; };
		EB28936728A22071000C38D1 /* WebViewController.swift */ = {isa = PBXFileReference; lastKnownFileType = sourcecode.swift; path = WebViewController.swift; sourceTree = "<group>"; };
		EB28936D28A22CDB000C38D1 /* MyPageDataSource.swift */ = {isa = PBXFileReference; lastKnownFileType = sourcecode.swift; path = MyPageDataSource.swift; sourceTree = "<group>"; };
		EB28936F28A22D2D000C38D1 /* ProfileDisplayRequest.swift */ = {isa = PBXFileReference; lastKnownFileType = sourcecode.swift; path = ProfileDisplayRequest.swift; sourceTree = "<group>"; };
		EB28937128A22D72000C38D1 /* ProfileResponse.swift */ = {isa = PBXFileReference; lastKnownFileType = sourcecode.swift; path = ProfileResponse.swift; sourceTree = "<group>"; };
		EB28937328A23321000C38D1 /* LoggedInAuth.swift */ = {isa = PBXFileReference; lastKnownFileType = sourcecode.swift; path = LoggedInAuth.swift; sourceTree = "<group>"; };
		EB291BBE28A10455009A0F90 /* ReplaceDeleteProfileImageViewController.swift */ = {isa = PBXFileReference; lastKnownFileType = sourcecode.swift; path = ReplaceDeleteProfileImageViewController.swift; sourceTree = "<group>"; };
		EB291BC128A104A3009A0F90 /* ReplaceDeleteProfileImageViewController.storyboard */ = {isa = PBXFileReference; lastKnownFileType = file.storyboard; path = ReplaceDeleteProfileImageViewController.storyboard; sourceTree = "<group>"; };
		EB3628D128C05B5E00A51D47 /* TalkListCell.swift */ = {isa = PBXFileReference; lastKnownFileType = sourcecode.swift; path = TalkListCell.swift; sourceTree = "<group>"; };
		EB3628D228C05B5E00A51D47 /* TalkListCell.xib */ = {isa = PBXFileReference; lastKnownFileType = file.xib; path = TalkListCell.xib; sourceTree = "<group>"; };
		EB3628D528C0654D00A51D47 /* TalkListPresenter.swift */ = {isa = PBXFileReference; lastKnownFileType = sourcecode.swift; path = TalkListPresenter.swift; sourceTree = "<group>"; };
		EB3628D728C0830000A51D47 /* TalkListRequest.swift */ = {isa = PBXFileReference; lastKnownFileType = sourcecode.swift; path = TalkListRequest.swift; sourceTree = "<group>"; };
		EB3628D928C0833B00A51D47 /* DeleteTalkListRequest.swift */ = {isa = PBXFileReference; lastKnownFileType = sourcecode.swift; path = DeleteTalkListRequest.swift; sourceTree = "<group>"; };
		EB3628DB28C083A400A51D47 /* TalkListResponse.swift */ = {isa = PBXFileReference; lastKnownFileType = sourcecode.swift; path = TalkListResponse.swift; sourceTree = "<group>"; };
		EB3628DD28C089EB00A51D47 /* TalkListDataSource.swift */ = {isa = PBXFileReference; lastKnownFileType = sourcecode.swift; path = TalkListDataSource.swift; sourceTree = "<group>"; };
		EB3628DF28C08EF100A51D47 /* TalkListEntity.swift */ = {isa = PBXFileReference; lastKnownFileType = sourcecode.swift; path = TalkListEntity.swift; sourceTree = "<group>"; };
		EB3628E128C0BB0E00A51D47 /* SendMessageRequest.swift */ = {isa = PBXFileReference; lastKnownFileType = sourcecode.swift; path = SendMessageRequest.swift; sourceTree = "<group>"; };
		EB3628E328C0D46B00A51D47 /* SendMessageResponse.swift */ = {isa = PBXFileReference; lastKnownFileType = sourcecode.swift; path = SendMessageResponse.swift; sourceTree = "<group>"; };
		EB529D002897B0A9004CB8E9 /* SignUpViewController.storyboard */ = {isa = PBXFileReference; lastKnownFileType = file.storyboard; path = SignUpViewController.storyboard; sourceTree = "<group>"; };
		EB7683172898D70E0083B2E9 /* FormSubmitButton.swift */ = {isa = PBXFileReference; lastKnownFileType = sourcecode.swift; path = FormSubmitButton.swift; sourceTree = "<group>"; };
		EB76831A2898EC7D0083B2E9 /* SignUpPresenter.swift */ = {isa = PBXFileReference; lastKnownFileType = sourcecode.swift; path = SignUpPresenter.swift; sourceTree = "<group>"; };
		EB76831D2899032A0083B2E9 /* String+.swift */ = {isa = PBXFileReference; lastKnownFileType = sourcecode.swift; path = "String+.swift"; sourceTree = "<group>"; };
		EB76831F289912740083B2E9 /* ViewController+.swift */ = {isa = PBXFileReference; lastKnownFileType = sourcecode.swift; path = "ViewController+.swift"; sourceTree = "<group>"; };
		EB768323289919C40083B2E9 /* MainTabViewController.storyboard */ = {isa = PBXFileReference; lastKnownFileType = file.storyboard; path = MainTabViewController.storyboard; sourceTree = "<group>"; };
		EB768325289919E00083B2E9 /* MainTabViewController.swift */ = {isa = PBXFileReference; lastKnownFileType = sourcecode.swift; path = MainTabViewController.swift; sourceTree = "<group>"; };
		EB768329289929E20083B2E9 /* KeychainHelper.swift */ = {isa = PBXFileReference; lastKnownFileType = sourcecode.swift; path = KeychainHelper.swift; sourceTree = "<group>"; };
		EB76832C2899405B0083B2E9 /* APIClient.swift */ = {isa = PBXFileReference; lastKnownFileType = sourcecode.swift; path = APIClient.swift; sourceTree = "<group>"; };
		EB76832E289962F90083B2E9 /* RegistryRequest.swift */ = {isa = PBXFileReference; lastKnownFileType = sourcecode.swift; path = RegistryRequest.swift; sourceTree = "<group>"; };
		EB768331289971C30083B2E9 /* RegistryResponse.swift */ = {isa = PBXFileReference; lastKnownFileType = sourcecode.swift; path = RegistryResponse.swift; sourceTree = "<group>"; };
		EB768333289972890083B2E9 /* ErrorResponse.swift */ = {isa = PBXFileReference; lastKnownFileType = sourcecode.swift; path = ErrorResponse.swift; sourceTree = "<group>"; };
		EB8431F028BDF5E900DB1693 /* FeedsToDetailTransitionAnimator.swift */ = {isa = PBXFileReference; lastKnownFileType = sourcecode.swift; path = FeedsToDetailTransitionAnimator.swift; sourceTree = "<group>"; };
		EB9591A328BC948400AE2A81 /* PhotoViewerViewController.storyboard */ = {isa = PBXFileReference; lastKnownFileType = file.storyboard; path = PhotoViewerViewController.storyboard; sourceTree = "<group>"; };
		EB9591A528BC949900AE2A81 /* PhotoViewerViewController.swift */ = {isa = PBXFileReference; lastKnownFileType = sourcecode.swift; path = PhotoViewerViewController.swift; sourceTree = "<group>"; };
		EB9591A728BCA7E700AE2A81 /* ProfileDisplayDataSource.swift */ = {isa = PBXFileReference; lastKnownFileType = sourcecode.swift; path = ProfileDisplayDataSource.swift; sourceTree = "<group>"; };
		EB9591A928BCA83B00AE2A81 /* ProfileDisplayPresenter.swift */ = {isa = PBXFileReference; lastKnownFileType = sourcecode.swift; path = ProfileDisplayPresenter.swift; sourceTree = "<group>"; };
		EB9591AC28BDBA9800AE2A81 /* PhotoScrollView.swift */ = {isa = PBXFileReference; lastKnownFileType = sourcecode.swift; path = PhotoScrollView.swift; sourceTree = "<group>"; };
		EBA1E706289A3D6F0077DFA9 /* Symbols.swift */ = {isa = PBXFileReference; lastKnownFileType = sourcecode.swift; path = Symbols.swift; sourceTree = "<group>"; };
		EBA1E70B289A3F210077DFA9 /* ProfileFeedViewController.storyboard */ = {isa = PBXFileReference; lastKnownFileType = file.storyboard; path = ProfileFeedViewController.storyboard; sourceTree = "<group>"; };
		EBA1E70D289A3F320077DFA9 /* ProfileFeedViewController.swift */ = {isa = PBXFileReference; lastKnownFileType = sourcecode.swift; path = ProfileFeedViewController.swift; sourceTree = "<group>"; };
		EBA1E70F289A3F4B0077DFA9 /* TalkListViewController.swift */ = {isa = PBXFileReference; lastKnownFileType = sourcecode.swift; path = TalkListViewController.swift; sourceTree = "<group>"; };
		EBA1E711289A3F610077DFA9 /* TalkListViewController.storyboard */ = {isa = PBXFileReference; lastKnownFileType = file.storyboard; path = TalkListViewController.storyboard; sourceTree = "<group>"; };
		EBA1E713289A3F7E0077DFA9 /* MyPageViewController.storyboard */ = {isa = PBXFileReference; lastKnownFileType = file.storyboard; path = MyPageViewController.storyboard; sourceTree = "<group>"; };
		EBA1E715289A3F8C0077DFA9 /* MyPageViewController.swift */ = {isa = PBXFileReference; lastKnownFileType = sourcecode.swift; path = MyPageViewController.swift; sourceTree = "<group>"; };
		EBA1E717289A47360077DFA9 /* MyPagePresenter.swift */ = {isa = PBXFileReference; lastKnownFileType = sourcecode.swift; path = MyPagePresenter.swift; sourceTree = "<group>"; };
		EBA1E71E289A568E0077DFA9 /* LoginViewController.storyboard */ = {isa = PBXFileReference; lastKnownFileType = file.storyboard; path = LoginViewController.storyboard; sourceTree = "<group>"; };
		EBA1E720289A5AFC0077DFA9 /* LoginPresenter.swift */ = {isa = PBXFileReference; lastKnownFileType = sourcecode.swift; path = LoginPresenter.swift; sourceTree = "<group>"; };
		EBA1E722289A71B00077DFA9 /* KeyboardHandler.swift */ = {isa = PBXFileReference; lastKnownFileType = sourcecode.swift; path = KeyboardHandler.swift; sourceTree = "<group>"; };
		EBA1E724289B59090077DFA9 /* LoginRequest.swift */ = {isa = PBXFileReference; lastKnownFileType = sourcecode.swift; path = LoginRequest.swift; sourceTree = "<group>"; };
		EBA1E727289B5F3C0077DFA9 /* RootViewControllerReplacing.swift */ = {isa = PBXFileReference; lastKnownFileType = sourcecode.swift; path = RootViewControllerReplacing.swift; sourceTree = "<group>"; };
		EBA4DA6628AB620400B53C76 /* EditProfilePresenter.swift */ = {isa = PBXFileReference; lastKnownFileType = sourcecode.swift; path = EditProfilePresenter.swift; sourceTree = "<group>"; };
		EBA4DA6828AB733B00B53C76 /* EditProfileDataSource.swift */ = {isa = PBXFileReference; lastKnownFileType = sourcecode.swift; path = EditProfileDataSource.swift; sourceTree = "<group>"; };
		EBB1A8CB28AB25160092C949 /* ProfileListItem.swift */ = {isa = PBXFileReference; lastKnownFileType = sourcecode.swift; path = ProfileListItem.swift; sourceTree = "<group>"; };
		EBB1A8CD28AB272E0092C949 /* ProfileList.swift */ = {isa = PBXFileReference; lastKnownFileType = sourcecode.swift; path = ProfileList.swift; sourceTree = "<group>"; };
		EBB1A8CF28AB2BD10092C949 /* SelectionViewController.swift */ = {isa = PBXFileReference; lastKnownFileType = sourcecode.swift; path = SelectionViewController.swift; sourceTree = "<group>"; };
		EBB1A8D128AB30820092C949 /* SelectionCell.swift */ = {isa = PBXFileReference; lastKnownFileType = sourcecode.swift; path = SelectionCell.swift; sourceTree = "<group>"; };
		EBB1A8D328AB32B40092C949 /* SelectionDataSource.swift */ = {isa = PBXFileReference; lastKnownFileType = sourcecode.swift; path = SelectionDataSource.swift; sourceTree = "<group>"; };
		EBBC76F528B7626200EDF820 /* LoadingCollectionReusableView.swift */ = {isa = PBXFileReference; lastKnownFileType = sourcecode.swift; path = LoadingCollectionReusableView.swift; sourceTree = "<group>"; };
		EBBC76F628B7626200EDF820 /* LoadingCollectionReusableView.xib */ = {isa = PBXFileReference; lastKnownFileType = file.xib; path = LoadingCollectionReusableView.xib; sourceTree = "<group>"; };
		EBBF671228A251FD00D7B698 /* StatusResponse.swift */ = {isa = PBXFileReference; lastKnownFileType = sourcecode.swift; path = StatusResponse.swift; sourceTree = "<group>"; };
		EBBF671428A2523000D7B698 /* DeleteAccountRequest.swift */ = {isa = PBXFileReference; lastKnownFileType = sourcecode.swift; path = DeleteAccountRequest.swift; sourceTree = "<group>"; };
		EBBF671728A258EB00D7B698 /* EditProfileViewController.storyboard */ = {isa = PBXFileReference; lastKnownFileType = file.storyboard; path = EditProfileViewController.storyboard; sourceTree = "<group>"; };
		EBBF671928A2590200D7B698 /* EditProfileViewController.swift */ = {isa = PBXFileReference; lastKnownFileType = sourcecode.swift; path = EditProfileViewController.swift; sourceTree = "<group>"; };
		EBBF671C28A266E800D7B698 /* MediaManageViewController.storyboard */ = {isa = PBXFileReference; lastKnownFileType = file.storyboard; path = MediaManageViewController.storyboard; sourceTree = "<group>"; };
		EBBF671E28A2672100D7B698 /* MediaManageViewController.swift */ = {isa = PBXFileReference; lastKnownFileType = sourcecode.swift; path = MediaManageViewController.swift; sourceTree = "<group>"; };
		EBBF672328A267C100D7B698 /* PhotoCell.swift */ = {isa = PBXFileReference; lastKnownFileType = sourcecode.swift; path = PhotoCell.swift; sourceTree = "<group>"; };
		EBBF672428A267C100D7B698 /* PhotoCell.xib */ = {isa = PBXFileReference; lastKnownFileType = file.xib; path = PhotoCell.xib; sourceTree = "<group>"; };
		EBBF672728A2680500D7B698 /* CameraCell.swift */ = {isa = PBXFileReference; lastKnownFileType = sourcecode.swift; path = CameraCell.swift; sourceTree = "<group>"; };
		EBBF672828A2680500D7B698 /* CameraCell.xib */ = {isa = PBXFileReference; lastKnownFileType = file.xib; path = CameraCell.xib; sourceTree = "<group>"; };
		EBBF672B28A3809D00D7B698 /* MediaManagePresenter.swift */ = {isa = PBXFileReference; lastKnownFileType = sourcecode.swift; path = MediaManagePresenter.swift; sourceTree = "<group>"; };
		EBC24DE3289BA66100E6C8DF /* InputTextField.swift */ = {isa = PBXFileReference; lastKnownFileType = sourcecode.swift; path = InputTextField.swift; sourceTree = "<group>"; };
		EBD7DB11289790890015A1FF /* MessageApp.app */ = {isa = PBXFileReference; explicitFileType = wrapper.application; includeInIndex = 0; path = MessageApp.app; sourceTree = BUILT_PRODUCTS_DIR; };
		EBD7DB14289790890015A1FF /* AppDelegate.swift */ = {isa = PBXFileReference; lastKnownFileType = sourcecode.swift; path = AppDelegate.swift; sourceTree = "<group>"; };
		EBD7DB16289790890015A1FF /* SceneDelegate.swift */ = {isa = PBXFileReference; lastKnownFileType = sourcecode.swift; path = SceneDelegate.swift; sourceTree = "<group>"; };
		EBD7DB1D2897908F0015A1FF /* Assets.xcassets */ = {isa = PBXFileReference; lastKnownFileType = folder.assetcatalog; path = Assets.xcassets; sourceTree = "<group>"; };
		EBD7DB202897908F0015A1FF /* Base */ = {isa = PBXFileReference; lastKnownFileType = file.storyboard; name = Base; path = Base.lproj/LaunchScreen.storyboard; sourceTree = "<group>"; };
		EBD7DB222897908F0015A1FF /* Info.plist */ = {isa = PBXFileReference; lastKnownFileType = text.plist.xml; path = Info.plist; sourceTree = "<group>"; };
		EBD7DB29289791090015A1FF /* TopViewController.storyboard */ = {isa = PBXFileReference; lastKnownFileType = file.storyboard; path = TopViewController.storyboard; sourceTree = "<group>"; };
		EBD7DB2B289791290015A1FF /* TopViewController.swift */ = {isa = PBXFileReference; lastKnownFileType = sourcecode.swift; path = TopViewController.swift; sourceTree = "<group>"; };
		EBD7DB31289797380015A1FF /* Colors.swift */ = {isa = PBXFileReference; lastKnownFileType = sourcecode.swift; path = Colors.swift; sourceTree = "<group>"; };
		EBD7DB332897980C0015A1FF /* Constants.swift */ = {isa = PBXFileReference; lastKnownFileType = sourcecode.swift; path = Constants.swift; sourceTree = "<group>"; };
		EBD7DB3728979A250015A1FF /* LoginViewController.swift */ = {isa = PBXFileReference; lastKnownFileType = sourcecode.swift; path = LoginViewController.swift; sourceTree = "<group>"; };
		EBD7DB3928979AF70015A1FF /* SignUpViewController.swift */ = {isa = PBXFileReference; lastKnownFileType = sourcecode.swift; path = SignUpViewController.swift; sourceTree = "<group>"; };
		EBD7DB3B28979B7E0015A1FF /* TopPresenter.swift */ = {isa = PBXFileReference; lastKnownFileType = sourcecode.swift; path = TopPresenter.swift; sourceTree = "<group>"; };
		EBDED19128B367ED00BB9A5B /* AuthManager.swift */ = {isa = PBXFileReference; lastKnownFileType = sourcecode.swift; path = AuthManager.swift; sourceTree = "<group>"; };
		EBDED19528B3713700BB9A5B /* CustomError.swift */ = {isa = PBXFileReference; lastKnownFileType = sourcecode.swift; path = CustomError.swift; sourceTree = "<group>"; };
		EBDED19728B3714F00BB9A5B /* APIError.swift */ = {isa = PBXFileReference; lastKnownFileType = sourcecode.swift; path = APIError.swift; sourceTree = "<group>"; };
		EBDED19928B3716B00BB9A5B /* AuthError.swift */ = {isa = PBXFileReference; lastKnownFileType = sourcecode.swift; path = AuthError.swift; sourceTree = "<group>"; };
		EBDED19C28B46A4400BB9A5B /* ProfileFeedCell.swift */ = {isa = PBXFileReference; lastKnownFileType = sourcecode.swift; path = ProfileFeedCell.swift; sourceTree = "<group>"; };
		EBDED19D28B46A4400BB9A5B /* ProfileFeedCell.xib */ = {isa = PBXFileReference; lastKnownFileType = file.xib; path = ProfileFeedCell.xib; sourceTree = "<group>"; };
		EBE34E8028A4E21E0037906F /* ImageUploadResponse.swift */ = {isa = PBXFileReference; lastKnownFileType = sourcecode.swift; path = ImageUploadResponse.swift; sourceTree = "<group>"; };
		EBE34E8228A4E22C0037906F /* ImageUploadRequest.swift */ = {isa = PBXFileReference; lastKnownFileType = sourcecode.swift; path = ImageUploadRequest.swift; sourceTree = "<group>"; };
		EBE9F05E28A4F98F0015C2B5 /* Data.swift */ = {isa = PBXFileReference; lastKnownFileType = sourcecode.swift; path = Data.swift; sourceTree = "<group>"; };
		EBE9F06028A4FA510015C2B5 /* DeleteProfilePictureRequest.swift */ = {isa = PBXFileReference; lastKnownFileType = sourcecode.swift; path = DeleteProfilePictureRequest.swift; sourceTree = "<group>"; };
		EBFA7F3E28B4B4F800ACB39E /* ProfileDisplayViewController.storyboard */ = {isa = PBXFileReference; lastKnownFileType = file.storyboard; path = ProfileDisplayViewController.storyboard; sourceTree = "<group>"; };
		EBFA7F4028B4B55500ACB39E /* ProfileDisplayViewController.swift */ = {isa = PBXFileReference; lastKnownFileType = sourcecode.swift; path = ProfileDisplayViewController.swift; sourceTree = "<group>"; };
		EBFA7F4228B4B67E00ACB39E /* ProfileFeedPresenter.swift */ = {isa = PBXFileReference; lastKnownFileType = sourcecode.swift; path = ProfileFeedPresenter.swift; sourceTree = "<group>"; };
		EBFA7F4428B4B73200ACB39E /* ProfileFeedDataSource.swift */ = {isa = PBXFileReference; lastKnownFileType = sourcecode.swift; path = ProfileFeedDataSource.swift; sourceTree = "<group>"; };
		EBFA7F4628B4BBB600ACB39E /* ProfileFeedRequest.swift */ = {isa = PBXFileReference; lastKnownFileType = sourcecode.swift; path = ProfileFeedRequest.swift; sourceTree = "<group>"; };
		EBFA7F4828B4BC2600ACB39E /* ProfileFeedResponse.swift */ = {isa = PBXFileReference; lastKnownFileType = sourcecode.swift; path = ProfileFeedResponse.swift; sourceTree = "<group>"; };
		EBFA7F4A28B6141B00ACB39E /* StateViews.swift */ = {isa = PBXFileReference; lastKnownFileType = sourcecode.swift; path = StateViews.swift; sourceTree = "<group>"; };
/* End PBXFileReference section */

/* Begin PBXFrameworksBuildPhase section */
		EBD7DB0E289790890015A1FF /* Frameworks */ = {
			isa = PBXFrameworksBuildPhase;
			buildActionMask = 2147483647;
			files = (
				F7AD2BB7DD53981485B98562 /* Pods_MessageApp.framework in Frameworks */,
			);
			runOnlyForDeploymentPostprocessing = 0;
		};
/* End PBXFrameworksBuildPhase section */

/* Begin PBXGroup section */
		3D91AFF54EE81346D562EF2D /* Frameworks */ = {
			isa = PBXGroup;
			children = (
				4F545BF48221F1406A1455B4 /* Pods_MessageApp.framework */,
			);
			name = Frameworks;
			sourceTree = "<group>";
		};
		3F340D49B12F813EB6EE57D5 /* Pods */ = {
			isa = PBXGroup;
			children = (
				234114CAD52F3D96244F6963 /* Pods-MessageApp.debug.xcconfig */,
				C70091D20925155E4C3A1EA8 /* Pods-MessageApp.release.xcconfig */,
			);
			path = Pods;
			sourceTree = "<group>";
		};
		EB0B26C428AA3A9300B84A3C /* Selection */ = {
			isa = PBXGroup;
			children = (
				EB0B26C528AA3AFA00B84A3C /* SelectionViewController.storyboard */,
				EBB1A8CF28AB2BD10092C949 /* SelectionViewController.swift */,
				EBB1A8D128AB30820092C949 /* SelectionCell.swift */,
			);
			path = Selection;
			sourceTree = "<group>";
		};
		EB28936628A22048000C38D1 /* WebView */ = {
			isa = PBXGroup;
			children = (
				EB28936728A22071000C38D1 /* WebViewController.swift */,
			);
			path = WebView;
			sourceTree = "<group>";
		};
		EB28936B28A22B59000C38D1 /* EditProfile */ = {
			isa = PBXGroup;
			children = (
				EBBF671728A258EB00D7B698 /* EditProfileViewController.storyboard */,
				EBBF671928A2590200D7B698 /* EditProfileViewController.swift */,
			);
			path = EditProfile;
			sourceTree = "<group>";
		};
		EB28936C28A22CA1000C38D1 /* DataSource */ = {
			isa = PBXGroup;
			children = (
				EB28936D28A22CDB000C38D1 /* MyPageDataSource.swift */,
				EBB1A8D328AB32B40092C949 /* SelectionDataSource.swift */,
				EBA4DA6828AB733B00B53C76 /* EditProfileDataSource.swift */,
				EBFA7F4428B4B73200ACB39E /* ProfileFeedDataSource.swift */,
				EB9591A728BCA7E700AE2A81 /* ProfileDisplayDataSource.swift */,
				EB3628DD28C089EB00A51D47 /* TalkListDataSource.swift */,
			);
			path = DataSource;
			sourceTree = "<group>";
		};
		EB291BBD28A103F0009A0F90 /* Subviews */ = {
			isa = PBXGroup;
			children = (
				EB291BC128A104A3009A0F90 /* ReplaceDeleteProfileImageViewController.storyboard */,
				EB291BBE28A10455009A0F90 /* ReplaceDeleteProfileImageViewController.swift */,
			);
			path = Subviews;
			sourceTree = "<group>";
		};
		EB3628D028C05B1200A51D47 /* Subviews */ = {
			isa = PBXGroup;
			children = (
				EB3628D128C05B5E00A51D47 /* TalkListCell.swift */,
				EB3628D228C05B5E00A51D47 /* TalkListCell.xib */,
			);
			path = Subviews;
			sourceTree = "<group>";
		};
		EB529D022897B0AF004CB8E9 /* Shared */ = {
			isa = PBXGroup;
			children = (
				EB8431EF28BDF57000DB1693 /* CustomNavigation */,
				EBC24DE0289BA5A200E6C8DF /* InputTextField */,
				EB7683192898D7480083B2E9 /* FormSubmitButton */,
				EBBC76F928B7628A00EDF820 /* LoadingCollectionReusableView */,
				EBFA7F4A28B6141B00ACB39E /* StateViews.swift */,
			);
			path = Shared;
			sourceTree = "<group>";
		};
		EB7683192898D7480083B2E9 /* FormSubmitButton */ = {
			isa = PBXGroup;
			children = (
				EB7683172898D70E0083B2E9 /* FormSubmitButton.swift */,
			);
			path = FormSubmitButton;
			sourceTree = "<group>";
		};
		EB76831C289903190083B2E9 /* Utils */ = {
			isa = PBXGroup;
			children = (
				EB768328289929CD0083B2E9 /* Extensions */,
				EB768329289929E20083B2E9 /* KeychainHelper.swift */,
				EBA1E722289A71B00077DFA9 /* KeyboardHandler.swift */,
			);
			path = Utils;
			sourceTree = "<group>";
		};
		EB768321289916A30083B2E9 /* Network */ = {
			isa = PBXGroup;
			children = (
				EB76832B28993F9D0083B2E9 /* API */,
				EB76832728991B3D0083B2E9 /* Requests */,
			);
			path = Network;
			sourceTree = "<group>";
		};
		EB768322289918F40083B2E9 /* Main */ = {
			isa = PBXGroup;
			children = (
				EB768323289919C40083B2E9 /* MainTabViewController.storyboard */,
				EB768325289919E00083B2E9 /* MainTabViewController.swift */,
			);
			path = Main;
			sourceTree = "<group>";
		};
		EB76832728991B3D0083B2E9 /* Requests */ = {
			isa = PBXGroup;
			children = (
				EB76832E289962F90083B2E9 /* RegistryRequest.swift */,
				EBA1E724289B59090077DFA9 /* LoginRequest.swift */,
				EB28936F28A22D2D000C38D1 /* ProfileDisplayRequest.swift */,
				EBBF671428A2523000D7B698 /* DeleteAccountRequest.swift */,
				EBE34E8228A4E22C0037906F /* ImageUploadRequest.swift */,
				EBE9F06028A4FA510015C2B5 /* DeleteProfilePictureRequest.swift */,
				EB11DCB628AE13B5001858F1 /* EditProfileRequest.swift */,
				EBFA7F4628B4BBB600ACB39E /* ProfileFeedRequest.swift */,
				EB3628D728C0830000A51D47 /* TalkListRequest.swift */,
				EB3628D928C0833B00A51D47 /* DeleteTalkListRequest.swift */,
				EB3628E128C0BB0E00A51D47 /* SendMessageRequest.swift */,
			);
			path = Requests;
			sourceTree = "<group>";
		};
		EB768328289929CD0083B2E9 /* Extensions */ = {
			isa = PBXGroup;
			children = (
				EB76831D2899032A0083B2E9 /* String+.swift */,
				EB76831F289912740083B2E9 /* ViewController+.swift */,
				EBE9F05E28A4F98F0015C2B5 /* Data.swift */,
			);
			path = Extensions;
			sourceTree = "<group>";
		};
		EB76832B28993F9D0083B2E9 /* API */ = {
			isa = PBXGroup;
			children = (
				EB76832C2899405B0083B2E9 /* APIClient.swift */,
			);
			path = API;
			sourceTree = "<group>";
		};
		EB7683302899630A0083B2E9 /* DataModel */ = {
			isa = PBXGroup;
			children = (
				EB768331289971C30083B2E9 /* RegistryResponse.swift */,
				EB768333289972890083B2E9 /* ErrorResponse.swift */,
				EB28937128A22D72000C38D1 /* ProfileResponse.swift */,
				EBBF671228A251FD00D7B698 /* StatusResponse.swift */,
				EBE34E8028A4E21E0037906F /* ImageUploadResponse.swift */,
				EBFA7F4828B4BC2600ACB39E /* ProfileFeedResponse.swift */,
				EB3628DB28C083A400A51D47 /* TalkListResponse.swift */,
				EB3628E328C0D46B00A51D47 /* SendMessageResponse.swift */,
				EB3628DF28C08EF100A51D47 /* TalkListEntity.swift */,
				EB28937328A23321000C38D1 /* LoggedInAuth.swift */,
				EBB1A8CB28AB25160092C949 /* ProfileListItem.swift */,
				EBB1A8CD28AB272E0092C949 /* ProfileList.swift */,
			);
			path = DataModel;
			sourceTree = "<group>";
		};
		EB8431EF28BDF57000DB1693 /* CustomNavigation */ = {
			isa = PBXGroup;
			children = (
				EB8431F028BDF5E900DB1693 /* FeedsToDetailTransitionAnimator.swift */,
			);
			path = CustomNavigation;
			sourceTree = "<group>";
		};
		EB9591A228BC942C00AE2A81 /* PhotoViewer */ = {
			isa = PBXGroup;
			children = (
				EB9591AB28BDBA3F00AE2A81 /* Subviews */,
				EB9591A328BC948400AE2A81 /* PhotoViewerViewController.storyboard */,
				EB9591A528BC949900AE2A81 /* PhotoViewerViewController.swift */,
			);
			path = PhotoViewer;
			sourceTree = "<group>";
		};
		EB9591AB28BDBA3F00AE2A81 /* Subviews */ = {
			isa = PBXGroup;
			children = (
				EB9591AC28BDBA9800AE2A81 /* PhotoScrollView.swift */,
			);
			path = Subviews;
			sourceTree = "<group>";
		};
		EBA1E708289A3EBA0077DFA9 /* ProfileFeed */ = {
			isa = PBXGroup;
			children = (
				EBDED19B28B469D300BB9A5B /* Subviews */,
				EBA1E70B289A3F210077DFA9 /* ProfileFeedViewController.storyboard */,
				EBA1E70D289A3F320077DFA9 /* ProfileFeedViewController.swift */,
			);
			path = ProfileFeed;
			sourceTree = "<group>";
		};
		EBA1E709289A3EC90077DFA9 /* Message */ = {
			isa = PBXGroup;
			children = (
				EB3628D028C05B1200A51D47 /* Subviews */,
				EBA1E711289A3F610077DFA9 /* TalkListViewController.storyboard */,
				EBA1E70F289A3F4B0077DFA9 /* TalkListViewController.swift */,
			);
			path = Message;
			sourceTree = "<group>";
		};
		EBA1E70A289A3ED90077DFA9 /* MyPage */ = {
			isa = PBXGroup;
			children = (
				EB291BBD28A103F0009A0F90 /* Subviews */,
				EBA1E713289A3F7E0077DFA9 /* MyPageViewController.storyboard */,
				EBA1E715289A3F8C0077DFA9 /* MyPageViewController.swift */,
			);
			path = MyPage;
			sourceTree = "<group>";
		};
		EBA1E726289B5D080077DFA9 /* Protocols */ = {
			isa = PBXGroup;
			children = (
				EBA1E727289B5F3C0077DFA9 /* RootViewControllerReplacing.swift */,
			);
			path = Protocols;
			sourceTree = "<group>";
		};
		EBBC76F928B7628A00EDF820 /* LoadingCollectionReusableView */ = {
			isa = PBXGroup;
			children = (
				EBBC76F528B7626200EDF820 /* LoadingCollectionReusableView.swift */,
				EBBC76F628B7626200EDF820 /* LoadingCollectionReusableView.xib */,
			);
			path = LoadingCollectionReusableView;
			sourceTree = "<group>";
		};
		EBBF671628A258A700D7B698 /* MediaManage */ = {
			isa = PBXGroup;
			children = (
				EBBF672028A2674B00D7B698 /* Subviews */,
				EBBF671C28A266E800D7B698 /* MediaManageViewController.storyboard */,
				EBBF671E28A2672100D7B698 /* MediaManageViewController.swift */,
			);
			path = MediaManage;
			sourceTree = "<group>";
		};
		EBBF672028A2674B00D7B698 /* Subviews */ = {
			isa = PBXGroup;
			children = (
				EBBF672328A267C100D7B698 /* PhotoCell.swift */,
				EBBF672428A267C100D7B698 /* PhotoCell.xib */,
				EBBF672728A2680500D7B698 /* CameraCell.swift */,
				EBBF672828A2680500D7B698 /* CameraCell.xib */,
			);
			path = Subviews;
			sourceTree = "<group>";
		};
		EBC24DE0289BA5A200E6C8DF /* InputTextField */ = {
			isa = PBXGroup;
			children = (
				EBC24DE3289BA66100E6C8DF /* InputTextField.swift */,
			);
			path = InputTextField;
			sourceTree = "<group>";
		};
		EBD7DB08289790890015A1FF = {
			isa = PBXGroup;
			children = (
				EBD7DB13289790890015A1FF /* MessageApp */,
				EBD7DB12289790890015A1FF /* Products */,
				3F340D49B12F813EB6EE57D5 /* Pods */,
				3D91AFF54EE81346D562EF2D /* Frameworks */,
			);
			sourceTree = "<group>";
		};
		EBD7DB12289790890015A1FF /* Products */ = {
			isa = PBXGroup;
			children = (
				EBD7DB11289790890015A1FF /* MessageApp.app */,
			);
			name = Products;
			sourceTree = "<group>";
		};
		EBD7DB13289790890015A1FF /* MessageApp */ = {
			isa = PBXGroup;
			children = (
				EBD7DB14289790890015A1FF /* AppDelegate.swift */,
				EBD7DB16289790890015A1FF /* SceneDelegate.swift */,
				EBD7DB2D289791CE0015A1FF /* Model */,
				EBD7DB2E289791D80015A1FF /* View */,
				EBD7DB2F289791E60015A1FF /* Presenter */,
				EBD7DB302897971E0015A1FF /* Resources */,
				EB76831C289903190083B2E9 /* Utils */,
				EBD7DB1D2897908F0015A1FF /* Assets.xcassets */,
				EBD7DB1F2897908F0015A1FF /* LaunchScreen.storyboard */,
				EBD7DB222897908F0015A1FF /* Info.plist */,
			);
			path = MessageApp;
			sourceTree = "<group>";
		};
		EBD7DB28289790E80015A1FF /* Top */ = {
			isa = PBXGroup;
			children = (
				EBD7DB29289791090015A1FF /* TopViewController.storyboard */,
				EBD7DB2B289791290015A1FF /* TopViewController.swift */,
			);
			path = Top;
			sourceTree = "<group>";
		};
		EBD7DB2D289791CE0015A1FF /* Model */ = {
			isa = PBXGroup;
			children = (
				EBDED19328B370B600BB9A5B /* Error */,
				EBDED19028B367D700BB9A5B /* Auth */,
				EB768321289916A30083B2E9 /* Network */,
				EB7683302899630A0083B2E9 /* DataModel */,
				EB28936C28A22CA1000C38D1 /* DataSource */,
			);
			path = Model;
			sourceTree = "<group>";
		};
		EBD7DB2E289791D80015A1FF /* View */ = {
			isa = PBXGroup;
			children = (
				EB529D022897B0AF004CB8E9 /* Shared */,
				EB28936628A22048000C38D1 /* WebView */,
				EBD7DB28289790E80015A1FF /* Top */,
				EBD7DB3628979A080015A1FF /* SignUp */,
				EBD7DB35289799F60015A1FF /* Login */,
				EB768322289918F40083B2E9 /* Main */,
				EBA1E708289A3EBA0077DFA9 /* ProfileFeed */,
				EBFA7F3D28B4B4B800ACB39E /* ProfileDisplay */,
				EBA1E709289A3EC90077DFA9 /* Message */,
				EBA1E70A289A3ED90077DFA9 /* MyPage */,
				EB28936B28A22B59000C38D1 /* EditProfile */,
				EBBF671628A258A700D7B698 /* MediaManage */,
				EB0B26C428AA3A9300B84A3C /* Selection */,
				EB9591A228BC942C00AE2A81 /* PhotoViewer */,
			);
			path = View;
			sourceTree = "<group>";
		};
		EBD7DB2F289791E60015A1FF /* Presenter */ = {
			isa = PBXGroup;
			children = (
				EBA1E726289B5D080077DFA9 /* Protocols */,
				EBD7DB3B28979B7E0015A1FF /* TopPresenter.swift */,
				EB76831A2898EC7D0083B2E9 /* SignUpPresenter.swift */,
				EBA1E720289A5AFC0077DFA9 /* LoginPresenter.swift */,
				EBA1E717289A47360077DFA9 /* MyPagePresenter.swift */,
				EBBF672B28A3809D00D7B698 /* MediaManagePresenter.swift */,
				EBA4DA6628AB620400B53C76 /* EditProfilePresenter.swift */,
				EBFA7F4228B4B67E00ACB39E /* ProfileFeedPresenter.swift */,
				EB9591A928BCA83B00AE2A81 /* ProfileDisplayPresenter.swift */,
				EB3628D528C0654D00A51D47 /* TalkListPresenter.swift */,
			);
			path = Presenter;
			sourceTree = "<group>";
		};
		EBD7DB302897971E0015A1FF /* Resources */ = {
			isa = PBXGroup;
			children = (
				EBD7DB31289797380015A1FF /* Colors.swift */,
				EBA1E706289A3D6F0077DFA9 /* Symbols.swift */,
				EBD7DB332897980C0015A1FF /* Constants.swift */,
				EB0B26C228AA28CB00B84A3C /* ProfileList.plist */,
			);
			path = Resources;
			sourceTree = "<group>";
		};
		EBD7DB35289799F60015A1FF /* Login */ = {
			isa = PBXGroup;
			children = (
				EBD7DB3728979A250015A1FF /* LoginViewController.swift */,
				EBA1E71E289A568E0077DFA9 /* LoginViewController.storyboard */,
			);
			path = Login;
			sourceTree = "<group>";
		};
		EBD7DB3628979A080015A1FF /* SignUp */ = {
			isa = PBXGroup;
			children = (
				EBD7DB3928979AF70015A1FF /* SignUpViewController.swift */,
				EB529D002897B0A9004CB8E9 /* SignUpViewController.storyboard */,
			);
			path = SignUp;
			sourceTree = "<group>";
		};
		EBDED19028B367D700BB9A5B /* Auth */ = {
			isa = PBXGroup;
			children = (
				EBDED19128B367ED00BB9A5B /* AuthManager.swift */,
			);
			path = Auth;
			sourceTree = "<group>";
		};
		EBDED19328B370B600BB9A5B /* Error */ = {
			isa = PBXGroup;
			children = (
				EBDED19428B3712400BB9A5B /* Protocols */,
				EBDED19728B3714F00BB9A5B /* APIError.swift */,
				EBDED19928B3716B00BB9A5B /* AuthError.swift */,
			);
			path = Error;
			sourceTree = "<group>";
		};
		EBDED19428B3712400BB9A5B /* Protocols */ = {
			isa = PBXGroup;
			children = (
				EBDED19528B3713700BB9A5B /* CustomError.swift */,
			);
			path = Protocols;
			sourceTree = "<group>";
		};
		EBDED19B28B469D300BB9A5B /* Subviews */ = {
			isa = PBXGroup;
			children = (
				EBDED19C28B46A4400BB9A5B /* ProfileFeedCell.swift */,
				EBDED19D28B46A4400BB9A5B /* ProfileFeedCell.xib */,
			);
			path = Subviews;
			sourceTree = "<group>";
		};
		EBFA7F3D28B4B4B800ACB39E /* ProfileDisplay */ = {
			isa = PBXGroup;
			children = (
				EBFA7F3E28B4B4F800ACB39E /* ProfileDisplayViewController.storyboard */,
				EBFA7F4028B4B55500ACB39E /* ProfileDisplayViewController.swift */,
			);
			path = ProfileDisplay;
			sourceTree = "<group>";
		};
/* End PBXGroup section */

/* Begin PBXNativeTarget section */
		EBD7DB10289790890015A1FF /* MessageApp */ = {
			isa = PBXNativeTarget;
			buildConfigurationList = EBD7DB252897908F0015A1FF /* Build configuration list for PBXNativeTarget "MessageApp" */;
			buildPhases = (
				E2BB5D204321C3B497C9B2CA /* [CP] Check Pods Manifest.lock */,
				EBD7DB0D289790890015A1FF /* Sources */,
				EBD7DB0E289790890015A1FF /* Frameworks */,
				EBD7DB0F289790890015A1FF /* Resources */,
				70A29AD8F38B9FBF350C102B /* [CP] Embed Pods Frameworks */,
			);
			buildRules = (
			);
			dependencies = (
			);
			name = MessageApp;
			productName = MessageApp;
			productReference = EBD7DB11289790890015A1FF /* MessageApp.app */;
			productType = "com.apple.product-type.application";
		};
/* End PBXNativeTarget section */

/* Begin PBXProject section */
		EBD7DB09289790890015A1FF /* Project object */ = {
			isa = PBXProject;
			attributes = {
				BuildIndependentTargetsInParallel = 1;
				LastSwiftUpdateCheck = 1340;
				LastUpgradeCheck = 1340;
				TargetAttributes = {
					EBD7DB10289790890015A1FF = {
						CreatedOnToolsVersion = 13.4.1;
					};
				};
			};
			buildConfigurationList = EBD7DB0C289790890015A1FF /* Build configuration list for PBXProject "MessageApp" */;
			compatibilityVersion = "Xcode 13.0";
			developmentRegion = en;
			hasScannedForEncodings = 0;
			knownRegions = (
				en,
				Base,
			);
			mainGroup = EBD7DB08289790890015A1FF;
			productRefGroup = EBD7DB12289790890015A1FF /* Products */;
			projectDirPath = "";
			projectRoot = "";
			targets = (
				EBD7DB10289790890015A1FF /* MessageApp */,
			);
		};
/* End PBXProject section */

/* Begin PBXResourcesBuildPhase section */
		EBD7DB0F289790890015A1FF /* Resources */ = {
			isa = PBXResourcesBuildPhase;
			buildActionMask = 2147483647;
			files = (
				EB3628D428C05B5E00A51D47 /* TalkListCell.xib in Resources */,
				EBBF672A28A2680500D7B698 /* CameraCell.xib in Resources */,
				EBDED19F28B46A4400BB9A5B /* ProfileFeedCell.xib in Resources */,
				EBBC76F828B7626200EDF820 /* LoadingCollectionReusableView.xib in Resources */,
				EBD7DB2A289791090015A1FF /* TopViewController.storyboard in Resources */,
				EBBF672628A267C100D7B698 /* PhotoCell.xib in Resources */,
				EB0B26C328AA28CB00B84A3C /* ProfileList.plist in Resources */,
				EBA1E70C289A3F210077DFA9 /* ProfileFeedViewController.storyboard in Resources */,
				EBA1E714289A3F7E0077DFA9 /* MyPageViewController.storyboard in Resources */,
				EB0B26C628AA3AFA00B84A3C /* SelectionViewController.storyboard in Resources */,
				EBD7DB212897908F0015A1FF /* LaunchScreen.storyboard in Resources */,
				EB9591A428BC948400AE2A81 /* PhotoViewerViewController.storyboard in Resources */,
				EBD7DB1E2897908F0015A1FF /* Assets.xcassets in Resources */,
				EB529D012897B0A9004CB8E9 /* SignUpViewController.storyboard in Resources */,
				EBA1E712289A3F610077DFA9 /* TalkListViewController.storyboard in Resources */,
				EBBF671D28A266E800D7B698 /* MediaManageViewController.storyboard in Resources */,
				EBFA7F3F28B4B4F800ACB39E /* ProfileDisplayViewController.storyboard in Resources */,
				EBA1E71F289A568E0077DFA9 /* LoginViewController.storyboard in Resources */,
				EBBF671828A258EB00D7B698 /* EditProfileViewController.storyboard in Resources */,
				EB768324289919C40083B2E9 /* MainTabViewController.storyboard in Resources */,
				EB291BC228A104A3009A0F90 /* ReplaceDeleteProfileImageViewController.storyboard in Resources */,
			);
			runOnlyForDeploymentPostprocessing = 0;
		};
/* End PBXResourcesBuildPhase section */

/* Begin PBXShellScriptBuildPhase section */
		70A29AD8F38B9FBF350C102B /* [CP] Embed Pods Frameworks */ = {
			isa = PBXShellScriptBuildPhase;
			buildActionMask = 2147483647;
			files = (
			);
			inputFileListPaths = (
				"${PODS_ROOT}/Target Support Files/Pods-MessageApp/Pods-MessageApp-frameworks-${CONFIGURATION}-input-files.xcfilelist",
			);
			name = "[CP] Embed Pods Frameworks";
			outputFileListPaths = (
				"${PODS_ROOT}/Target Support Files/Pods-MessageApp/Pods-MessageApp-frameworks-${CONFIGURATION}-output-files.xcfilelist",
			);
			runOnlyForDeploymentPostprocessing = 0;
			shellPath = /bin/sh;
			shellScript = "\"${PODS_ROOT}/Target Support Files/Pods-MessageApp/Pods-MessageApp-frameworks.sh\"\n";
			showEnvVarsInLog = 0;
		};
		E2BB5D204321C3B497C9B2CA /* [CP] Check Pods Manifest.lock */ = {
			isa = PBXShellScriptBuildPhase;
			buildActionMask = 2147483647;
			files = (
			);
			inputFileListPaths = (
			);
			inputPaths = (
				"${PODS_PODFILE_DIR_PATH}/Podfile.lock",
				"${PODS_ROOT}/Manifest.lock",
			);
			name = "[CP] Check Pods Manifest.lock";
			outputFileListPaths = (
			);
			outputPaths = (
				"$(DERIVED_FILE_DIR)/Pods-MessageApp-checkManifestLockResult.txt",
			);
			runOnlyForDeploymentPostprocessing = 0;
			shellPath = /bin/sh;
			shellScript = "diff \"${PODS_PODFILE_DIR_PATH}/Podfile.lock\" \"${PODS_ROOT}/Manifest.lock\" > /dev/null\nif [ $? != 0 ] ; then\n    # print error to STDERR\n    echo \"error: The sandbox is not in sync with the Podfile.lock. Run 'pod install' or update your CocoaPods installation.\" >&2\n    exit 1\nfi\n# This output is used by Xcode 'outputs' to avoid re-running this script phase.\necho \"SUCCESS\" > \"${SCRIPT_OUTPUT_FILE_0}\"\n";
			showEnvVarsInLog = 0;
		};
/* End PBXShellScriptBuildPhase section */

/* Begin PBXSourcesBuildPhase section */
		EBD7DB0D289790890015A1FF /* Sources */ = {
			isa = PBXSourcesBuildPhase;
			buildActionMask = 2147483647;
			files = (
				EBA1E725289B59090077DFA9 /* LoginRequest.swift in Sources */,
				EB28936828A22071000C38D1 /* WebViewController.swift in Sources */,
				EBD7DB3C28979B7E0015A1FF /* TopPresenter.swift in Sources */,
				EBFA7F4728B4BBB600ACB39E /* ProfileFeedRequest.swift in Sources */,
				EBBF672928A2680500D7B698 /* CameraCell.swift in Sources */,
				EBBF671328A251FD00D7B698 /* StatusResponse.swift in Sources */,
				EBA1E728289B5F3C0077DFA9 /* RootViewControllerReplacing.swift in Sources */,
				EB28937428A23321000C38D1 /* LoggedInAuth.swift in Sources */,
				EBFA7F4928B4BC2600ACB39E /* ProfileFeedResponse.swift in Sources */,
				EB8431F128BDF5E900DB1693 /* FeedsToDetailTransitionAnimator.swift in Sources */,
				EB3628D628C0654D00A51D47 /* TalkListPresenter.swift in Sources */,
				EB3628D828C0830000A51D47 /* TalkListRequest.swift in Sources */,
				EBA1E723289A71B00077DFA9 /* KeyboardHandler.swift in Sources */,
				EBBC76F728B7626200EDF820 /* LoadingCollectionReusableView.swift in Sources */,
				EBFA7F4528B4B73200ACB39E /* ProfileFeedDataSource.swift in Sources */,
				EBB1A8CE28AB272E0092C949 /* ProfileList.swift in Sources */,
				EBB1A8D428AB32B40092C949 /* SelectionDataSource.swift in Sources */,
				EBBF671A28A2590200D7B698 /* EditProfileViewController.swift in Sources */,
				EBE34E8328A4E22C0037906F /* ImageUploadRequest.swift in Sources */,
				EBD7DB3828979A250015A1FF /* LoginViewController.swift in Sources */,
				EBDED19828B3714F00BB9A5B /* APIError.swift in Sources */,
				EB9591AD28BDBA9900AE2A81 /* PhotoScrollView.swift in Sources */,
				EBA1E718289A47360077DFA9 /* MyPagePresenter.swift in Sources */,
				EBFA7F4128B4B55500ACB39E /* ProfileDisplayViewController.swift in Sources */,
				EBDED19A28B3716B00BB9A5B /* AuthError.swift in Sources */,
				EB76832D2899405B0083B2E9 /* APIClient.swift in Sources */,
				EB3628E428C0D46C00A51D47 /* SendMessageResponse.swift in Sources */,
				EBA4DA6728AB620400B53C76 /* EditProfilePresenter.swift in Sources */,
				EBD7DB3A28979AF70015A1FF /* SignUpViewController.swift in Sources */,
				EBBF672C28A3809D00D7B698 /* MediaManagePresenter.swift in Sources */,
				EBC24DE4289BA66100E6C8DF /* InputTextField.swift in Sources */,
				EB3628DA28C0833B00A51D47 /* DeleteTalkListRequest.swift in Sources */,
				EB3628DC28C083A400A51D47 /* TalkListResponse.swift in Sources */,
				EB76832F289962F90083B2E9 /* RegistryRequest.swift in Sources */,
				EB9591AA28BCA83B00AE2A81 /* ProfileDisplayPresenter.swift in Sources */,
				EB768320289912740083B2E9 /* ViewController+.swift in Sources */,
				EBA1E721289A5AFC0077DFA9 /* LoginPresenter.swift in Sources */,
				EB9591A628BC949900AE2A81 /* PhotoViewerViewController.swift in Sources */,
				EB3628E228C0BB0F00A51D47 /* SendMessageRequest.swift in Sources */,
				EBA1E716289A3F8C0077DFA9 /* MyPageViewController.swift in Sources */,
				EB768326289919E00083B2E9 /* MainTabViewController.swift in Sources */,
				EB3628D328C05B5E00A51D47 /* TalkListCell.swift in Sources */,
				EBD7DB342897980C0015A1FF /* Constants.swift in Sources */,
				EB7683182898D70E0083B2E9 /* FormSubmitButton.swift in Sources */,
				EB3628DE28C089EB00A51D47 /* TalkListDataSource.swift in Sources */,
				EBD7DB2C289791290015A1FF /* TopViewController.swift in Sources */,
				EBBF671528A2523000D7B698 /* DeleteAccountRequest.swift in Sources */,
				EBD7DB32289797380015A1FF /* Colors.swift in Sources */,
				EBD7DB15289790890015A1FF /* AppDelegate.swift in Sources */,
				EBA1E710289A3F4B0077DFA9 /* TalkListViewController.swift in Sources */,
				EBA1E707289A3D6F0077DFA9 /* Symbols.swift in Sources */,
				EBE9F06128A4FA510015C2B5 /* DeleteProfilePictureRequest.swift in Sources */,
				EBDED19E28B46A4400BB9A5B /* ProfileFeedCell.swift in Sources */,
				EBB1A8D228AB30820092C949 /* SelectionCell.swift in Sources */,
				EB3628E028C08EF100A51D47 /* TalkListEntity.swift in Sources */,
				EB11DCB728AE13B5001858F1 /* EditProfileRequest.swift in Sources */,
				EBFA7F4B28B6141B00ACB39E /* StateViews.swift in Sources */,
				EBBF672528A267C100D7B698 /* PhotoCell.swift in Sources */,
				EB76831B2898EC7D0083B2E9 /* SignUpPresenter.swift in Sources */,
				EB9591A828BCA7E700AE2A81 /* ProfileDisplayDataSource.swift in Sources */,
				EBFA7F4328B4B67E00ACB39E /* ProfileFeedPresenter.swift in Sources */,
				EBDED19228B367ED00BB9A5B /* AuthManager.swift in Sources */,
				EBB1A8CC28AB25160092C949 /* ProfileListItem.swift in Sources */,
				EB28937228A22D72000C38D1 /* ProfileResponse.swift in Sources */,
				EBDED19628B3713700BB9A5B /* CustomError.swift in Sources */,
				EBBF671F28A2672100D7B698 /* MediaManageViewController.swift in Sources */,
				EBA4DA6928AB733B00B53C76 /* EditProfileDataSource.swift in Sources */,
				EBE9F05F28A4F98F0015C2B5 /* Data.swift in Sources */,
				EB76831E2899032A0083B2E9 /* String+.swift in Sources */,
				EBE34E8128A4E21E0037906F /* ImageUploadResponse.swift in Sources */,
				EB768332289971C30083B2E9 /* RegistryResponse.swift in Sources */,
				EB768334289972890083B2E9 /* ErrorResponse.swift in Sources */,
				EB76832A289929E20083B2E9 /* KeychainHelper.swift in Sources */,
				EBA1E70E289A3F320077DFA9 /* ProfileFeedViewController.swift in Sources */,
				EBD7DB17289790890015A1FF /* SceneDelegate.swift in Sources */,
				EB291BBF28A10455009A0F90 /* ReplaceDeleteProfileImageViewController.swift in Sources */,
				EB28937028A22D2D000C38D1 /* ProfileDisplayRequest.swift in Sources */,
				EB28936E28A22CDB000C38D1 /* MyPageDataSource.swift in Sources */,
				EBB1A8D028AB2BD10092C949 /* SelectionViewController.swift in Sources */,
			);
			runOnlyForDeploymentPostprocessing = 0;
		};
/* End PBXSourcesBuildPhase section */

/* Begin PBXVariantGroup section */
		EBD7DB1F2897908F0015A1FF /* LaunchScreen.storyboard */ = {
			isa = PBXVariantGroup;
			children = (
				EBD7DB202897908F0015A1FF /* Base */,
			);
			name = LaunchScreen.storyboard;
			sourceTree = "<group>";
		};
/* End PBXVariantGroup section */

/* Begin XCBuildConfiguration section */
		EBD7DB232897908F0015A1FF /* Debug */ = {
			isa = XCBuildConfiguration;
			buildSettings = {
				ALWAYS_SEARCH_USER_PATHS = NO;
				CLANG_ANALYZER_NONNULL = YES;
				CLANG_ANALYZER_NUMBER_OBJECT_CONVERSION = YES_AGGRESSIVE;
				CLANG_CXX_LANGUAGE_STANDARD = "gnu++17";
				CLANG_ENABLE_MODULES = YES;
				CLANG_ENABLE_OBJC_ARC = YES;
				CLANG_ENABLE_OBJC_WEAK = YES;
				CLANG_WARN_BLOCK_CAPTURE_AUTORELEASING = YES;
				CLANG_WARN_BOOL_CONVERSION = YES;
				CLANG_WARN_COMMA = YES;
				CLANG_WARN_CONSTANT_CONVERSION = YES;
				CLANG_WARN_DEPRECATED_OBJC_IMPLEMENTATIONS = YES;
				CLANG_WARN_DIRECT_OBJC_ISA_USAGE = YES_ERROR;
				CLANG_WARN_DOCUMENTATION_COMMENTS = YES;
				CLANG_WARN_EMPTY_BODY = YES;
				CLANG_WARN_ENUM_CONVERSION = YES;
				CLANG_WARN_INFINITE_RECURSION = YES;
				CLANG_WARN_INT_CONVERSION = YES;
				CLANG_WARN_NON_LITERAL_NULL_CONVERSION = YES;
				CLANG_WARN_OBJC_IMPLICIT_RETAIN_SELF = YES;
				CLANG_WARN_OBJC_LITERAL_CONVERSION = YES;
				CLANG_WARN_OBJC_ROOT_CLASS = YES_ERROR;
				CLANG_WARN_QUOTED_INCLUDE_IN_FRAMEWORK_HEADER = YES;
				CLANG_WARN_RANGE_LOOP_ANALYSIS = YES;
				CLANG_WARN_STRICT_PROTOTYPES = YES;
				CLANG_WARN_SUSPICIOUS_MOVE = YES;
				CLANG_WARN_UNGUARDED_AVAILABILITY = YES_AGGRESSIVE;
				CLANG_WARN_UNREACHABLE_CODE = YES;
				CLANG_WARN__DUPLICATE_METHOD_MATCH = YES;
				COPY_PHASE_STRIP = NO;
				DEBUG_INFORMATION_FORMAT = dwarf;
				ENABLE_STRICT_OBJC_MSGSEND = YES;
				ENABLE_TESTABILITY = YES;
				GCC_C_LANGUAGE_STANDARD = gnu11;
				GCC_DYNAMIC_NO_PIC = NO;
				GCC_NO_COMMON_BLOCKS = YES;
				GCC_OPTIMIZATION_LEVEL = 0;
				GCC_PREPROCESSOR_DEFINITIONS = (
					"DEBUG=1",
					"$(inherited)",
				);
				GCC_WARN_64_TO_32_BIT_CONVERSION = YES;
				GCC_WARN_ABOUT_RETURN_TYPE = YES_ERROR;
				GCC_WARN_UNDECLARED_SELECTOR = YES;
				GCC_WARN_UNINITIALIZED_AUTOS = YES_AGGRESSIVE;
				GCC_WARN_UNUSED_FUNCTION = YES;
				GCC_WARN_UNUSED_VARIABLE = YES;
				IPHONEOS_DEPLOYMENT_TARGET = 15.5;
				MTL_ENABLE_DEBUG_INFO = INCLUDE_SOURCE;
				MTL_FAST_MATH = YES;
				ONLY_ACTIVE_ARCH = YES;
				SDKROOT = iphoneos;
				SWIFT_ACTIVE_COMPILATION_CONDITIONS = DEBUG;
				SWIFT_OPTIMIZATION_LEVEL = "-Onone";
			};
			name = Debug;
		};
		EBD7DB242897908F0015A1FF /* Release */ = {
			isa = XCBuildConfiguration;
			buildSettings = {
				ALWAYS_SEARCH_USER_PATHS = NO;
				CLANG_ANALYZER_NONNULL = YES;
				CLANG_ANALYZER_NUMBER_OBJECT_CONVERSION = YES_AGGRESSIVE;
				CLANG_CXX_LANGUAGE_STANDARD = "gnu++17";
				CLANG_ENABLE_MODULES = YES;
				CLANG_ENABLE_OBJC_ARC = YES;
				CLANG_ENABLE_OBJC_WEAK = YES;
				CLANG_WARN_BLOCK_CAPTURE_AUTORELEASING = YES;
				CLANG_WARN_BOOL_CONVERSION = YES;
				CLANG_WARN_COMMA = YES;
				CLANG_WARN_CONSTANT_CONVERSION = YES;
				CLANG_WARN_DEPRECATED_OBJC_IMPLEMENTATIONS = YES;
				CLANG_WARN_DIRECT_OBJC_ISA_USAGE = YES_ERROR;
				CLANG_WARN_DOCUMENTATION_COMMENTS = YES;
				CLANG_WARN_EMPTY_BODY = YES;
				CLANG_WARN_ENUM_CONVERSION = YES;
				CLANG_WARN_INFINITE_RECURSION = YES;
				CLANG_WARN_INT_CONVERSION = YES;
				CLANG_WARN_NON_LITERAL_NULL_CONVERSION = YES;
				CLANG_WARN_OBJC_IMPLICIT_RETAIN_SELF = YES;
				CLANG_WARN_OBJC_LITERAL_CONVERSION = YES;
				CLANG_WARN_OBJC_ROOT_CLASS = YES_ERROR;
				CLANG_WARN_QUOTED_INCLUDE_IN_FRAMEWORK_HEADER = YES;
				CLANG_WARN_RANGE_LOOP_ANALYSIS = YES;
				CLANG_WARN_STRICT_PROTOTYPES = YES;
				CLANG_WARN_SUSPICIOUS_MOVE = YES;
				CLANG_WARN_UNGUARDED_AVAILABILITY = YES_AGGRESSIVE;
				CLANG_WARN_UNREACHABLE_CODE = YES;
				CLANG_WARN__DUPLICATE_METHOD_MATCH = YES;
				COPY_PHASE_STRIP = NO;
				DEBUG_INFORMATION_FORMAT = "dwarf-with-dsym";
				ENABLE_NS_ASSERTIONS = NO;
				ENABLE_STRICT_OBJC_MSGSEND = YES;
				GCC_C_LANGUAGE_STANDARD = gnu11;
				GCC_NO_COMMON_BLOCKS = YES;
				GCC_WARN_64_TO_32_BIT_CONVERSION = YES;
				GCC_WARN_ABOUT_RETURN_TYPE = YES_ERROR;
				GCC_WARN_UNDECLARED_SELECTOR = YES;
				GCC_WARN_UNINITIALIZED_AUTOS = YES_AGGRESSIVE;
				GCC_WARN_UNUSED_FUNCTION = YES;
				GCC_WARN_UNUSED_VARIABLE = YES;
				IPHONEOS_DEPLOYMENT_TARGET = 15.5;
				MTL_ENABLE_DEBUG_INFO = NO;
				MTL_FAST_MATH = YES;
				SDKROOT = iphoneos;
				SWIFT_COMPILATION_MODE = wholemodule;
				SWIFT_OPTIMIZATION_LEVEL = "-O";
				VALIDATE_PRODUCT = YES;
			};
			name = Release;
		};
		EBD7DB262897908F0015A1FF /* Debug */ = {
			isa = XCBuildConfiguration;
			baseConfigurationReference = 234114CAD52F3D96244F6963 /* Pods-MessageApp.debug.xcconfig */;
			buildSettings = {
				ASSETCATALOG_COMPILER_APPICON_NAME = AppIcon;
				ASSETCATALOG_COMPILER_GLOBAL_ACCENT_COLOR_NAME = AccentColor;
				CODE_SIGN_STYLE = Automatic;
				CURRENT_PROJECT_VERSION = 1;
				DEVELOPMENT_TEAM = CLHKU9LALJ;
				GENERATE_INFOPLIST_FILE = YES;
				INFOPLIST_FILE = MessageApp/Info.plist;
				INFOPLIST_KEY_UIApplicationSupportsIndirectInputEvents = YES;
				INFOPLIST_KEY_UILaunchStoryboardName = LaunchScreen;
				INFOPLIST_KEY_UISupportedInterfaceOrientations_iPad = "UIInterfaceOrientationPortrait UIInterfaceOrientationPortraitUpsideDown UIInterfaceOrientationLandscapeLeft UIInterfaceOrientationLandscapeRight";
				INFOPLIST_KEY_UISupportedInterfaceOrientations_iPhone = "UIInterfaceOrientationPortrait UIInterfaceOrientationLandscapeLeft UIInterfaceOrientationLandscapeRight";
				LD_RUNPATH_SEARCH_PATHS = (
					"$(inherited)",
					"@executable_path/Frameworks",
				);
				MARKETING_VERSION = 1.0;
				PRODUCT_BUNDLE_IDENTIFIER = com.abhijanar.MessageApp;
				PRODUCT_NAME = "$(TARGET_NAME)";
				SWIFT_EMIT_LOC_STRINGS = YES;
				SWIFT_VERSION = 5.0;
				TARGETED_DEVICE_FAMILY = "1,2";
			};
			name = Debug;
		};
		EBD7DB272897908F0015A1FF /* Release */ = {
			isa = XCBuildConfiguration;
			baseConfigurationReference = C70091D20925155E4C3A1EA8 /* Pods-MessageApp.release.xcconfig */;
			buildSettings = {
				ASSETCATALOG_COMPILER_APPICON_NAME = AppIcon;
				ASSETCATALOG_COMPILER_GLOBAL_ACCENT_COLOR_NAME = AccentColor;
				CODE_SIGN_STYLE = Automatic;
				CURRENT_PROJECT_VERSION = 1;
				DEVELOPMENT_TEAM = CLHKU9LALJ;
				GENERATE_INFOPLIST_FILE = YES;
				INFOPLIST_FILE = MessageApp/Info.plist;
				INFOPLIST_KEY_UIApplicationSupportsIndirectInputEvents = YES;
				INFOPLIST_KEY_UILaunchStoryboardName = LaunchScreen;
				INFOPLIST_KEY_UISupportedInterfaceOrientations_iPad = "UIInterfaceOrientationPortrait UIInterfaceOrientationPortraitUpsideDown UIInterfaceOrientationLandscapeLeft UIInterfaceOrientationLandscapeRight";
				INFOPLIST_KEY_UISupportedInterfaceOrientations_iPhone = "UIInterfaceOrientationPortrait UIInterfaceOrientationLandscapeLeft UIInterfaceOrientationLandscapeRight";
				LD_RUNPATH_SEARCH_PATHS = (
					"$(inherited)",
					"@executable_path/Frameworks",
				);
				MARKETING_VERSION = 1.0;
				PRODUCT_BUNDLE_IDENTIFIER = com.abhijanar.MessageApp;
				PRODUCT_NAME = "$(TARGET_NAME)";
				SWIFT_EMIT_LOC_STRINGS = YES;
				SWIFT_VERSION = 5.0;
				TARGETED_DEVICE_FAMILY = "1,2";
			};
			name = Release;
		};
/* End XCBuildConfiguration section */

/* Begin XCConfigurationList section */
		EBD7DB0C289790890015A1FF /* Build configuration list for PBXProject "MessageApp" */ = {
			isa = XCConfigurationList;
			buildConfigurations = (
				EBD7DB232897908F0015A1FF /* Debug */,
				EBD7DB242897908F0015A1FF /* Release */,
			);
			defaultConfigurationIsVisible = 0;
			defaultConfigurationName = Release;
		};
		EBD7DB252897908F0015A1FF /* Build configuration list for PBXNativeTarget "MessageApp" */ = {
			isa = XCConfigurationList;
			buildConfigurations = (
				EBD7DB262897908F0015A1FF /* Debug */,
				EBD7DB272897908F0015A1FF /* Release */,
			);
			defaultConfigurationIsVisible = 0;
			defaultConfigurationName = Release;
		};
/* End XCConfigurationList section */
	};
	rootObject = EBD7DB09289790890015A1FF /* Project object */;
}
